// !$*UTF8*$!
{
	archiveVersion = 1;
	classes = {
	};
	objectVersion = 56;
	objects = {

/* Begin PBXBuildFile section */
		3E60F1B62AF7AFAC004C2B85 /* AppDelegate.swift in Sources */ = {isa = PBXBuildFile; fileRef = 3E60F1B52AF7AFAC004C2B85 /* AppDelegate.swift */; };
		3E60F1B82AF7AFAC004C2B85 /* SceneDelegate.swift in Sources */ = {isa = PBXBuildFile; fileRef = 3E60F1B72AF7AFAC004C2B85 /* SceneDelegate.swift */; };
		3E60F1BA2AF7AFAC004C2B85 /* ViewController.swift in Sources */ = {isa = PBXBuildFile; fileRef = 3E60F1B92AF7AFAC004C2B85 /* ViewController.swift */; };
		3E60F1BF2AF7AFAD004C2B85 /* Assets.xcassets in Resources */ = {isa = PBXBuildFile; fileRef = 3E60F1BE2AF7AFAD004C2B85 /* Assets.xcassets */; };
		3E60F1C22AF7AFAD004C2B85 /* LaunchScreen.storyboard in Resources */ = {isa = PBXBuildFile; fileRef = 3E60F1C02AF7AFAD004C2B85 /* LaunchScreen.storyboard */; };
		3E60F1CD2AF7AFAD004C2B85 /* case_study2Tests.swift in Sources */ = {isa = PBXBuildFile; fileRef = 3E60F1CC2AF7AFAD004C2B85 /* case_study2Tests.swift */; };
		3E60F1D72AF7AFAD004C2B85 /* case_study2UITests.swift in Sources */ = {isa = PBXBuildFile; fileRef = 3E60F1D62AF7AFAD004C2B85 /* case_study2UITests.swift */; };
		3E60F1D92AF7AFAD004C2B85 /* case_study2UITestsLaunchTests.swift in Sources */ = {isa = PBXBuildFile; fileRef = 3E60F1D82AF7AFAD004C2B85 /* case_study2UITestsLaunchTests.swift */; };
		3E804AB02AF7B5FD00C18FCE /* DetailInteractor.swift in Sources */ = {isa = PBXBuildFile; fileRef = 3E804AAC2AF7B5FC00C18FCE /* DetailInteractor.swift */; };
		3E804AB12AF7B5FD00C18FCE /* DetailView.swift in Sources */ = {isa = PBXBuildFile; fileRef = 3E804AAD2AF7B5FD00C18FCE /* DetailView.swift */; };
		3E804AB22AF7B5FD00C18FCE /* DetailRouter.swift in Sources */ = {isa = PBXBuildFile; fileRef = 3E804AAE2AF7B5FD00C18FCE /* DetailRouter.swift */; };
		3E804AB32AF7B5FD00C18FCE /* DetailPresenter.swift in Sources */ = {isa = PBXBuildFile; fileRef = 3E804AAF2AF7B5FD00C18FCE /* DetailPresenter.swift */; };
		3E804AB82AF7B60900C18FCE /* HomeView.swift in Sources */ = {isa = PBXBuildFile; fileRef = 3E804AB42AF7B60900C18FCE /* HomeView.swift */; };
		3E804AB92AF7B60900C18FCE /* HomeRouter.swift in Sources */ = {isa = PBXBuildFile; fileRef = 3E804AB52AF7B60900C18FCE /* HomeRouter.swift */; };
		3E804ABA2AF7B60900C18FCE /* HomeInteractor.swift in Sources */ = {isa = PBXBuildFile; fileRef = 3E804AB62AF7B60900C18FCE /* HomeInteractor.swift */; };
		3E804ABB2AF7B60900C18FCE /* HomePresenter.swift in Sources */ = {isa = PBXBuildFile; fileRef = 3E804AB72AF7B60900C18FCE /* HomePresenter.swift */; };
		3E804ABD2AF7B62800C18FCE /* PublicAPI.swift in Sources */ = {isa = PBXBuildFile; fileRef = 3E804ABC2AF7B62800C18FCE /* PublicAPI.swift */; };
		51DAFE73EEC94A7267C04254 /* Pods_case_study2.framework in Frameworks */ = {isa = PBXBuildFile; fileRef = C8B7EBBF1AAB1529241CADCE /* Pods_case_study2.framework */; };
		58735A82B6278D9A7995626C /* Pods_case_study2_case_study2UITests.framework in Frameworks */ = {isa = PBXBuildFile; fileRef = C3DC54DE3D03FE0D48E751A2 /* Pods_case_study2_case_study2UITests.framework */; };
		6337F0E462CC0E10A603BCFA /* Pods_case_study2Tests.framework in Frameworks */ = {isa = PBXBuildFile; fileRef = 161890622AC4F2240B984889 /* Pods_case_study2Tests.framework */; };
/* End PBXBuildFile section */

/* Begin PBXContainerItemProxy section */
		3E60F1C92AF7AFAD004C2B85 /* PBXContainerItemProxy */ = {
			isa = PBXContainerItemProxy;
			containerPortal = 3E60F1AA2AF7AFAC004C2B85 /* Project object */;
			proxyType = 1;
			remoteGlobalIDString = 3E60F1B12AF7AFAC004C2B85;
			remoteInfo = "case-study2";
		};
		3E60F1D32AF7AFAD004C2B85 /* PBXContainerItemProxy */ = {
			isa = PBXContainerItemProxy;
			containerPortal = 3E60F1AA2AF7AFAC004C2B85 /* Project object */;
			proxyType = 1;
			remoteGlobalIDString = 3E60F1B12AF7AFAC004C2B85;
			remoteInfo = "case-study2";
		};
/* End PBXContainerItemProxy section */

/* Begin PBXFileReference section */
		0EE51000EA8BFBA940452A7B /* Pods-case-study2-case-study2UITests.debug.xcconfig */ = {isa = PBXFileReference; includeInIndex = 1; lastKnownFileType = text.xcconfig; name = "Pods-case-study2-case-study2UITests.debug.xcconfig"; path = "Target Support Files/Pods-case-study2-case-study2UITests/Pods-case-study2-case-study2UITests.debug.xcconfig"; sourceTree = "<group>"; };
		161890622AC4F2240B984889 /* Pods_case_study2Tests.framework */ = {isa = PBXFileReference; explicitFileType = wrapper.framework; includeInIndex = 0; path = Pods_case_study2Tests.framework; sourceTree = BUILT_PRODUCTS_DIR; };
		26BF9A02F3DD2026457676D8 /* Pods-case-study2Tests.release.xcconfig */ = {isa = PBXFileReference; includeInIndex = 1; lastKnownFileType = text.xcconfig; name = "Pods-case-study2Tests.release.xcconfig"; path = "Target Support Files/Pods-case-study2Tests/Pods-case-study2Tests.release.xcconfig"; sourceTree = "<group>"; };
		3E60F1B22AF7AFAC004C2B85 /* case-study2.app */ = {isa = PBXFileReference; explicitFileType = wrapper.application; includeInIndex = 0; path = "case-study2.app"; sourceTree = BUILT_PRODUCTS_DIR; };
		3E60F1B52AF7AFAC004C2B85 /* AppDelegate.swift */ = {isa = PBXFileReference; lastKnownFileType = sourcecode.swift; path = AppDelegate.swift; sourceTree = "<group>"; };
		3E60F1B72AF7AFAC004C2B85 /* SceneDelegate.swift */ = {isa = PBXFileReference; lastKnownFileType = sourcecode.swift; path = SceneDelegate.swift; sourceTree = "<group>"; };
		3E60F1B92AF7AFAC004C2B85 /* ViewController.swift */ = {isa = PBXFileReference; lastKnownFileType = sourcecode.swift; path = ViewController.swift; sourceTree = "<group>"; };
		3E60F1BE2AF7AFAD004C2B85 /* Assets.xcassets */ = {isa = PBXFileReference; lastKnownFileType = folder.assetcatalog; path = Assets.xcassets; sourceTree = "<group>"; };
		3E60F1C12AF7AFAD004C2B85 /* Base */ = {isa = PBXFileReference; lastKnownFileType = file.storyboard; name = Base; path = Base.lproj/LaunchScreen.storyboard; sourceTree = "<group>"; };
		3E60F1C32AF7AFAD004C2B85 /* Info.plist */ = {isa = PBXFileReference; lastKnownFileType = text.plist.xml; path = Info.plist; sourceTree = "<group>"; };
		3E60F1C82AF7AFAD004C2B85 /* case-study2Tests.xctest */ = {isa = PBXFileReference; explicitFileType = wrapper.cfbundle; includeInIndex = 0; path = "case-study2Tests.xctest"; sourceTree = BUILT_PRODUCTS_DIR; };
		3E60F1CC2AF7AFAD004C2B85 /* case_study2Tests.swift */ = {isa = PBXFileReference; lastKnownFileType = sourcecode.swift; path = case_study2Tests.swift; sourceTree = "<group>"; };
		3E60F1D22AF7AFAD004C2B85 /* case-study2UITests.xctest */ = {isa = PBXFileReference; explicitFileType = wrapper.cfbundle; includeInIndex = 0; path = "case-study2UITests.xctest"; sourceTree = BUILT_PRODUCTS_DIR; };
		3E60F1D62AF7AFAD004C2B85 /* case_study2UITests.swift */ = {isa = PBXFileReference; lastKnownFileType = sourcecode.swift; path = case_study2UITests.swift; sourceTree = "<group>"; };
		3E60F1D82AF7AFAD004C2B85 /* case_study2UITestsLaunchTests.swift */ = {isa = PBXFileReference; lastKnownFileType = sourcecode.swift; path = case_study2UITestsLaunchTests.swift; sourceTree = "<group>"; };
		3E804AAC2AF7B5FC00C18FCE /* DetailInteractor.swift */ = {isa = PBXFileReference; fileEncoding = 4; lastKnownFileType = sourcecode.swift; path = DetailInteractor.swift; sourceTree = "<group>"; };
		3E804AAD2AF7B5FD00C18FCE /* DetailView.swift */ = {isa = PBXFileReference; fileEncoding = 4; lastKnownFileType = sourcecode.swift; path = DetailView.swift; sourceTree = "<group>"; };
		3E804AAE2AF7B5FD00C18FCE /* DetailRouter.swift */ = {isa = PBXFileReference; fileEncoding = 4; lastKnownFileType = sourcecode.swift; path = DetailRouter.swift; sourceTree = "<group>"; };
		3E804AAF2AF7B5FD00C18FCE /* DetailPresenter.swift */ = {isa = PBXFileReference; fileEncoding = 4; lastKnownFileType = sourcecode.swift; path = DetailPresenter.swift; sourceTree = "<group>"; };
		3E804AB42AF7B60900C18FCE /* HomeView.swift */ = {isa = PBXFileReference; fileEncoding = 4; lastKnownFileType = sourcecode.swift; path = HomeView.swift; sourceTree = "<group>"; };
		3E804AB52AF7B60900C18FCE /* HomeRouter.swift */ = {isa = PBXFileReference; fileEncoding = 4; lastKnownFileType = sourcecode.swift; path = HomeRouter.swift; sourceTree = "<group>"; };
		3E804AB62AF7B60900C18FCE /* HomeInteractor.swift */ = {isa = PBXFileReference; fileEncoding = 4; lastKnownFileType = sourcecode.swift; path = HomeInteractor.swift; sourceTree = "<group>"; };
		3E804AB72AF7B60900C18FCE /* HomePresenter.swift */ = {isa = PBXFileReference; fileEncoding = 4; lastKnownFileType = sourcecode.swift; path = HomePresenter.swift; sourceTree = "<group>"; };
		3E804ABC2AF7B62800C18FCE /* PublicAPI.swift */ = {isa = PBXFileReference; lastKnownFileType = sourcecode.swift; path = PublicAPI.swift; sourceTree = "<group>"; };
		6BDD417769E24A34E95C96E5 /* Pods-case-study2Tests.debug.xcconfig */ = {isa = PBXFileReference; includeInIndex = 1; lastKnownFileType = text.xcconfig; name = "Pods-case-study2Tests.debug.xcconfig"; path = "Target Support Files/Pods-case-study2Tests/Pods-case-study2Tests.debug.xcconfig"; sourceTree = "<group>"; };
		6F31B3D14EC8B6A37326951B /* Pods-case-study2.release.xcconfig */ = {isa = PBXFileReference; includeInIndex = 1; lastKnownFileType = text.xcconfig; name = "Pods-case-study2.release.xcconfig"; path = "Target Support Files/Pods-case-study2/Pods-case-study2.release.xcconfig"; sourceTree = "<group>"; };
		95238EA83F37A66B5E9A8E1D /* Pods-case-study2.debug.xcconfig */ = {isa = PBXFileReference; includeInIndex = 1; lastKnownFileType = text.xcconfig; name = "Pods-case-study2.debug.xcconfig"; path = "Target Support Files/Pods-case-study2/Pods-case-study2.debug.xcconfig"; sourceTree = "<group>"; };
		B9378CD3F0F0C6FB79C406D1 /* Pods-case-study2-case-study2UITests.release.xcconfig */ = {isa = PBXFileReference; includeInIndex = 1; lastKnownFileType = text.xcconfig; name = "Pods-case-study2-case-study2UITests.release.xcconfig"; path = "Target Support Files/Pods-case-study2-case-study2UITests/Pods-case-study2-case-study2UITests.release.xcconfig"; sourceTree = "<group>"; };
		C3DC54DE3D03FE0D48E751A2 /* Pods_case_study2_case_study2UITests.framework */ = {isa = PBXFileReference; explicitFileType = wrapper.framework; includeInIndex = 0; path = Pods_case_study2_case_study2UITests.framework; sourceTree = BUILT_PRODUCTS_DIR; };
		C8B7EBBF1AAB1529241CADCE /* Pods_case_study2.framework */ = {isa = PBXFileReference; explicitFileType = wrapper.framework; includeInIndex = 0; path = Pods_case_study2.framework; sourceTree = BUILT_PRODUCTS_DIR; };
/* End PBXFileReference section */

/* Begin PBXFrameworksBuildPhase section */
		3E60F1AF2AF7AFAC004C2B85 /* Frameworks */ = {
			isa = PBXFrameworksBuildPhase;
			buildActionMask = 2147483647;
			files = (
				51DAFE73EEC94A7267C04254 /* Pods_case_study2.framework in Frameworks */,
			);
			runOnlyForDeploymentPostprocessing = 0;
		};
		3E60F1C52AF7AFAD004C2B85 /* Frameworks */ = {
			isa = PBXFrameworksBuildPhase;
			buildActionMask = 2147483647;
			files = (
				6337F0E462CC0E10A603BCFA /* Pods_case_study2Tests.framework in Frameworks */,
			);
			runOnlyForDeploymentPostprocessing = 0;
		};
		3E60F1CF2AF7AFAD004C2B85 /* Frameworks */ = {
			isa = PBXFrameworksBuildPhase;
			buildActionMask = 2147483647;
			files = (
				58735A82B6278D9A7995626C /* Pods_case_study2_case_study2UITests.framework in Frameworks */,
			);
			runOnlyForDeploymentPostprocessing = 0;
		};
/* End PBXFrameworksBuildPhase section */

/* Begin PBXGroup section */
		3E60F1A92AF7AFAC004C2B85 = {
			isa = PBXGroup;
			children = (
				3E60F1B42AF7AFAC004C2B85 /* case-study2 */,
				3E60F1CB2AF7AFAD004C2B85 /* case-study2Tests */,
				3E60F1D52AF7AFAD004C2B85 /* case-study2UITests */,
				3E60F1B32AF7AFAC004C2B85 /* Products */,
				7E622AFBDCB8ECD9692D70B7 /* Pods */,
				7A7887A708D650592F7909D2 /* Frameworks */,
			);
			sourceTree = "<group>";
		};
		3E60F1B32AF7AFAC004C2B85 /* Products */ = {
			isa = PBXGroup;
			children = (
				3E60F1B22AF7AFAC004C2B85 /* case-study2.app */,
				3E60F1C82AF7AFAD004C2B85 /* case-study2Tests.xctest */,
				3E60F1D22AF7AFAD004C2B85 /* case-study2UITests.xctest */,
			);
			name = Products;
			sourceTree = "<group>";
		};
		3E60F1B42AF7AFAC004C2B85 /* case-study2 */ = {
			isa = PBXGroup;
			children = (
				3E804AAB2AF7B3A700C18FCE /* Entities */,
				3E804AAA2AF7B39700C18FCE /* DetailModule */,
				3E804AA92AF7B11600C18FCE /* HomeModule */,
				3E60F1B52AF7AFAC004C2B85 /* AppDelegate.swift */,
				3E60F1B72AF7AFAC004C2B85 /* SceneDelegate.swift */,
				3E60F1B92AF7AFAC004C2B85 /* ViewController.swift */,
				3E60F1BE2AF7AFAD004C2B85 /* Assets.xcassets */,
				3E60F1C02AF7AFAD004C2B85 /* LaunchScreen.storyboard */,
				3E60F1C32AF7AFAD004C2B85 /* Info.plist */,
			);
			path = "case-study2";
			sourceTree = "<group>";
		};
		3E60F1CB2AF7AFAD004C2B85 /* case-study2Tests */ = {
			isa = PBXGroup;
			children = (
				3E60F1CC2AF7AFAD004C2B85 /* case_study2Tests.swift */,
			);
			path = "case-study2Tests";
			sourceTree = "<group>";
		};
		3E60F1D52AF7AFAD004C2B85 /* case-study2UITests */ = {
			isa = PBXGroup;
			children = (
				3E60F1D62AF7AFAD004C2B85 /* case_study2UITests.swift */,
				3E60F1D82AF7AFAD004C2B85 /* case_study2UITestsLaunchTests.swift */,
			);
			path = "case-study2UITests";
			sourceTree = "<group>";
		};
		3E804AA92AF7B11600C18FCE /* HomeModule */ = {
			isa = PBXGroup;
			children = (
				3E804AB62AF7B60900C18FCE /* HomeInteractor.swift */,
				3E804AB72AF7B60900C18FCE /* HomePresenter.swift */,
				3E804AB52AF7B60900C18FCE /* HomeRouter.swift */,
				3E804AB42AF7B60900C18FCE /* HomeView.swift */,
			);
			path = HomeModule;
			sourceTree = "<group>";
		};
		3E804AAA2AF7B39700C18FCE /* DetailModule */ = {
			isa = PBXGroup;
			children = (
				3E804AAC2AF7B5FC00C18FCE /* DetailInteractor.swift */,
				3E804AAF2AF7B5FD00C18FCE /* DetailPresenter.swift */,
				3E804AAE2AF7B5FD00C18FCE /* DetailRouter.swift */,
				3E804AAD2AF7B5FD00C18FCE /* DetailView.swift */,
			);
			path = DetailModule;
			sourceTree = "<group>";
		};
		3E804AAB2AF7B3A700C18FCE /* Entities */ = {
			isa = PBXGroup;
			children = (
				3E804ABC2AF7B62800C18FCE /* PublicAPI.swift */,
			);
			path = Entities;
			sourceTree = "<group>";
		};
		7A7887A708D650592F7909D2 /* Frameworks */ = {
			isa = PBXGroup;
			children = (
				C8B7EBBF1AAB1529241CADCE /* Pods_case_study2.framework */,
				C3DC54DE3D03FE0D48E751A2 /* Pods_case_study2_case_study2UITests.framework */,
				161890622AC4F2240B984889 /* Pods_case_study2Tests.framework */,
			);
			name = Frameworks;
			sourceTree = "<group>";
		};
		7E622AFBDCB8ECD9692D70B7 /* Pods */ = {
			isa = PBXGroup;
			children = (
				95238EA83F37A66B5E9A8E1D /* Pods-case-study2.debug.xcconfig */,
				6F31B3D14EC8B6A37326951B /* Pods-case-study2.release.xcconfig */,
				0EE51000EA8BFBA940452A7B /* Pods-case-study2-case-study2UITests.debug.xcconfig */,
				B9378CD3F0F0C6FB79C406D1 /* Pods-case-study2-case-study2UITests.release.xcconfig */,
				6BDD417769E24A34E95C96E5 /* Pods-case-study2Tests.debug.xcconfig */,
				26BF9A02F3DD2026457676D8 /* Pods-case-study2Tests.release.xcconfig */,
			);
			path = Pods;
			sourceTree = "<group>";
		};
/* End PBXGroup section */

/* Begin PBXNativeTarget section */
		3E60F1B12AF7AFAC004C2B85 /* case-study2 */ = {
			isa = PBXNativeTarget;
			buildConfigurationList = 3E60F1DC2AF7AFAD004C2B85 /* Build configuration list for PBXNativeTarget "case-study2" */;
			buildPhases = (
				2B6B797414A97975E302D1DB /* [CP] Check Pods Manifest.lock */,
				3E60F1AE2AF7AFAC004C2B85 /* Sources */,
				3E60F1AF2AF7AFAC004C2B85 /* Frameworks */,
				3E60F1B02AF7AFAC004C2B85 /* Resources */,
			);
			buildRules = (
			);
			dependencies = (
			);
			name = "case-study2";
			productName = "case-study2";
			productReference = 3E60F1B22AF7AFAC004C2B85 /* case-study2.app */;
			productType = "com.apple.product-type.application";
		};
		3E60F1C72AF7AFAD004C2B85 /* case-study2Tests */ = {
			isa = PBXNativeTarget;
			buildConfigurationList = 3E60F1DF2AF7AFAD004C2B85 /* Build configuration list for PBXNativeTarget "case-study2Tests" */;
			buildPhases = (
				934BE45F011903F69C3138B3 /* [CP] Check Pods Manifest.lock */,
				3E60F1C42AF7AFAD004C2B85 /* Sources */,
				3E60F1C52AF7AFAD004C2B85 /* Frameworks */,
				3E60F1C62AF7AFAD004C2B85 /* Resources */,
			);
			buildRules = (
			);
			dependencies = (
				3E60F1CA2AF7AFAD004C2B85 /* PBXTargetDependency */,
			);
			name = "case-study2Tests";
			productName = "case-study2Tests";
			productReference = 3E60F1C82AF7AFAD004C2B85 /* case-study2Tests.xctest */;
			productType = "com.apple.product-type.bundle.unit-test";
		};
		3E60F1D12AF7AFAD004C2B85 /* case-study2UITests */ = {
			isa = PBXNativeTarget;
			buildConfigurationList = 3E60F1E22AF7AFAD004C2B85 /* Build configuration list for PBXNativeTarget "case-study2UITests" */;
			buildPhases = (
				48B6F8C2DD8C6337D7492A96 /* [CP] Check Pods Manifest.lock */,
				3E60F1CE2AF7AFAD004C2B85 /* Sources */,
				3E60F1CF2AF7AFAD004C2B85 /* Frameworks */,
				3E60F1D02AF7AFAD004C2B85 /* Resources */,
			);
			buildRules = (
			);
			dependencies = (
				3E60F1D42AF7AFAD004C2B85 /* PBXTargetDependency */,
			);
			name = "case-study2UITests";
			productName = "case-study2UITests";
			productReference = 3E60F1D22AF7AFAD004C2B85 /* case-study2UITests.xctest */;
			productType = "com.apple.product-type.bundle.ui-testing";
		};
/* End PBXNativeTarget section */

/* Begin PBXProject section */
		3E60F1AA2AF7AFAC004C2B85 /* Project object */ = {
			isa = PBXProject;
			attributes = {
				BuildIndependentTargetsInParallel = 1;
				LastSwiftUpdateCheck = 1430;
				LastUpgradeCheck = 1430;
				TargetAttributes = {
					3E60F1B12AF7AFAC004C2B85 = {
						CreatedOnToolsVersion = 14.3;
					};
					3E60F1C72AF7AFAD004C2B85 = {
						CreatedOnToolsVersion = 14.3;
						TestTargetID = 3E60F1B12AF7AFAC004C2B85;
					};
					3E60F1D12AF7AFAD004C2B85 = {
						CreatedOnToolsVersion = 14.3;
						TestTargetID = 3E60F1B12AF7AFAC004C2B85;
					};
				};
			};
			buildConfigurationList = 3E60F1AD2AF7AFAC004C2B85 /* Build configuration list for PBXProject "case-study2" */;
			compatibilityVersion = "Xcode 14.0";
			developmentRegion = en;
			hasScannedForEncodings = 0;
			knownRegions = (
				en,
				Base,
			);
			mainGroup = 3E60F1A92AF7AFAC004C2B85;
			productRefGroup = 3E60F1B32AF7AFAC004C2B85 /* Products */;
			projectDirPath = "";
			projectRoot = "";
			targets = (
				3E60F1B12AF7AFAC004C2B85 /* case-study2 */,
				3E60F1C72AF7AFAD004C2B85 /* case-study2Tests */,
				3E60F1D12AF7AFAD004C2B85 /* case-study2UITests */,
			);
		};
/* End PBXProject section */

/* Begin PBXResourcesBuildPhase section */
		3E60F1B02AF7AFAC004C2B85 /* Resources */ = {
			isa = PBXResourcesBuildPhase;
			buildActionMask = 2147483647;
			files = (
				3E60F1C22AF7AFAD004C2B85 /* LaunchScreen.storyboard in Resources */,
				3E60F1BF2AF7AFAD004C2B85 /* Assets.xcassets in Resources */,
			);
			runOnlyForDeploymentPostprocessing = 0;
		};
		3E60F1C62AF7AFAD004C2B85 /* Resources */ = {
			isa = PBXResourcesBuildPhase;
			buildActionMask = 2147483647;
			files = (
			);
			runOnlyForDeploymentPostprocessing = 0;
		};
		3E60F1D02AF7AFAD004C2B85 /* Resources */ = {
			isa = PBXResourcesBuildPhase;
			buildActionMask = 2147483647;
			files = (
			);
			runOnlyForDeploymentPostprocessing = 0;
		};
/* End PBXResourcesBuildPhase section */

/* Begin PBXShellScriptBuildPhase section */
		2B6B797414A97975E302D1DB /* [CP] Check Pods Manifest.lock */ = {
			isa = PBXShellScriptBuildPhase;
			buildActionMask = 2147483647;
			files = (
			);
			inputFileListPaths = (
			);
			inputPaths = (
				"${PODS_PODFILE_DIR_PATH}/Podfile.lock",
				"${PODS_ROOT}/Manifest.lock",
			);
			name = "[CP] Check Pods Manifest.lock";
			outputFileListPaths = (
			);
			outputPaths = (
				"$(DERIVED_FILE_DIR)/Pods-case-study2-checkManifestLockResult.txt",
			);
			runOnlyForDeploymentPostprocessing = 0;
			shellPath = /bin/sh;
			shellScript = "diff \"${PODS_PODFILE_DIR_PATH}/Podfile.lock\" \"${PODS_ROOT}/Manifest.lock\" > /dev/null\nif [ $? != 0 ] ; then\n    # print error to STDERR\n    echo \"error: The sandbox is not in sync with the Podfile.lock. Run 'pod install' or update your CocoaPods installation.\" >&2\n    exit 1\nfi\n# This output is used by Xcode 'outputs' to avoid re-running this script phase.\necho \"SUCCESS\" > \"${SCRIPT_OUTPUT_FILE_0}\"\n";
			showEnvVarsInLog = 0;
		};
		48B6F8C2DD8C6337D7492A96 /* [CP] Check Pods Manifest.lock */ = {
			isa = PBXShellScriptBuildPhase;
			buildActionMask = 2147483647;
			files = (
			);
			inputFileListPaths = (
			);
			inputPaths = (
				"${PODS_PODFILE_DIR_PATH}/Podfile.lock",
				"${PODS_ROOT}/Manifest.lock",
			);
			name = "[CP] Check Pods Manifest.lock";
			outputFileListPaths = (
			);
			outputPaths = (
				"$(DERIVED_FILE_DIR)/Pods-case-study2-case-study2UITests-checkManifestLockResult.txt",
			);
			runOnlyForDeploymentPostprocessing = 0;
			shellPath = /bin/sh;
			shellScript = "diff \"${PODS_PODFILE_DIR_PATH}/Podfile.lock\" \"${PODS_ROOT}/Manifest.lock\" > /dev/null\nif [ $? != 0 ] ; then\n    # print error to STDERR\n    echo \"error: The sandbox is not in sync with the Podfile.lock. Run 'pod install' or update your CocoaPods installation.\" >&2\n    exit 1\nfi\n# This output is used by Xcode 'outputs' to avoid re-running this script phase.\necho \"SUCCESS\" > \"${SCRIPT_OUTPUT_FILE_0}\"\n";
			showEnvVarsInLog = 0;
		};
		934BE45F011903F69C3138B3 /* [CP] Check Pods Manifest.lock */ = {
			isa = PBXShellScriptBuildPhase;
			buildActionMask = 2147483647;
			files = (
			);
			inputFileListPaths = (
			);
			inputPaths = (
				"${PODS_PODFILE_DIR_PATH}/Podfile.lock",
				"${PODS_ROOT}/Manifest.lock",
			);
			name = "[CP] Check Pods Manifest.lock";
			outputFileListPaths = (
			);
			outputPaths = (
				"$(DERIVED_FILE_DIR)/Pods-case-study2Tests-checkManifestLockResult.txt",
			);
			runOnlyForDeploymentPostprocessing = 0;
			shellPath = /bin/sh;
			shellScript = "diff \"${PODS_PODFILE_DIR_PATH}/Podfile.lock\" \"${PODS_ROOT}/Manifest.lock\" > /dev/null\nif [ $? != 0 ] ; then\n    # print error to STDERR\n    echo \"error: The sandbox is not in sync with the Podfile.lock. Run 'pod install' or update your CocoaPods installation.\" >&2\n    exit 1\nfi\n# This output is used by Xcode 'outputs' to avoid re-running this script phase.\necho \"SUCCESS\" > \"${SCRIPT_OUTPUT_FILE_0}\"\n";
			showEnvVarsInLog = 0;
		};
/* End PBXShellScriptBuildPhase section */

/* Begin PBXSourcesBuildPhase section */
		3E60F1AE2AF7AFAC004C2B85 /* Sources */ = {
			isa = PBXSourcesBuildPhase;
			buildActionMask = 2147483647;
			files = (
				3E60F1BA2AF7AFAC004C2B85 /* ViewController.swift in Sources */,
				3E60F1B62AF7AFAC004C2B85 /* AppDelegate.swift in Sources */,
				3E60F1B82AF7AFAC004C2B85 /* SceneDelegate.swift in Sources */,
				3E804ABA2AF7B60900C18FCE /* HomeInteractor.swift in Sources */,
				3E804ABD2AF7B62800C18FCE /* PublicAPI.swift in Sources */,
				3E804AB22AF7B5FD00C18FCE /* DetailRouter.swift in Sources */,
				3E804AB12AF7B5FD00C18FCE /* DetailView.swift in Sources */,
				3E804AB82AF7B60900C18FCE /* HomeView.swift in Sources */,
				3E804AB32AF7B5FD00C18FCE /* DetailPresenter.swift in Sources */,
				3E804AB92AF7B60900C18FCE /* HomeRouter.swift in Sources */,
				3E804AB02AF7B5FD00C18FCE /* DetailInteractor.swift in Sources */,
				3E804ABB2AF7B60900C18FCE /* HomePresenter.swift in Sources */,
			);
			runOnlyForDeploymentPostprocessing = 0;
		};
		3E60F1C42AF7AFAD004C2B85 /* Sources */ = {
			isa = PBXSourcesBuildPhase;
			buildActionMask = 2147483647;
			files = (
				3E60F1CD2AF7AFAD004C2B85 /* case_study2Tests.swift in Sources */,
			);
			runOnlyForDeploymentPostprocessing = 0;
		};
		3E60F1CE2AF7AFAD004C2B85 /* Sources */ = {
			isa = PBXSourcesBuildPhase;
			buildActionMask = 2147483647;
			files = (
				3E60F1D72AF7AFAD004C2B85 /* case_study2UITests.swift in Sources */,
				3E60F1D92AF7AFAD004C2B85 /* case_study2UITestsLaunchTests.swift in Sources */,
			);
			runOnlyForDeploymentPostprocessing = 0;
		};
/* End PBXSourcesBuildPhase section */

/* Begin PBXTargetDependency section */
		3E60F1CA2AF7AFAD004C2B85 /* PBXTargetDependency */ = {
			isa = PBXTargetDependency;
			target = 3E60F1B12AF7AFAC004C2B85 /* case-study2 */;
			targetProxy = 3E60F1C92AF7AFAD004C2B85 /* PBXContainerItemProxy */;
		};
		3E60F1D42AF7AFAD004C2B85 /* PBXTargetDependency */ = {
			isa = PBXTargetDependency;
			target = 3E60F1B12AF7AFAC004C2B85 /* case-study2 */;
			targetProxy = 3E60F1D32AF7AFAD004C2B85 /* PBXContainerItemProxy */;
		};
/* End PBXTargetDependency section */

/* Begin PBXVariantGroup section */
		3E60F1C02AF7AFAD004C2B85 /* LaunchScreen.storyboard */ = {
			isa = PBXVariantGroup;
			children = (
				3E60F1C12AF7AFAD004C2B85 /* Base */,
			);
			name = LaunchScreen.storyboard;
			sourceTree = "<group>";
		};
/* End PBXVariantGroup section */

/* Begin XCBuildConfiguration section */
		3E60F1DA2AF7AFAD004C2B85 /* Debug */ = {
			isa = XCBuildConfiguration;
			buildSettings = {
				ALWAYS_SEARCH_USER_PATHS = NO;
				CLANG_ANALYZER_NONNULL = YES;
				CLANG_ANALYZER_NUMBER_OBJECT_CONVERSION = YES_AGGRESSIVE;
				CLANG_CXX_LANGUAGE_STANDARD = "gnu++20";
				CLANG_ENABLE_MODULES = YES;
				CLANG_ENABLE_OBJC_ARC = YES;
				CLANG_ENABLE_OBJC_WEAK = YES;
				CLANG_WARN_BLOCK_CAPTURE_AUTORELEASING = YES;
				CLANG_WARN_BOOL_CONVERSION = YES;
				CLANG_WARN_COMMA = YES;
				CLANG_WARN_CONSTANT_CONVERSION = YES;
				CLANG_WARN_DEPRECATED_OBJC_IMPLEMENTATIONS = YES;
				CLANG_WARN_DIRECT_OBJC_ISA_USAGE = YES_ERROR;
				CLANG_WARN_DOCUMENTATION_COMMENTS = YES;
				CLANG_WARN_EMPTY_BODY = YES;
				CLANG_WARN_ENUM_CONVERSION = YES;
				CLANG_WARN_INFINITE_RECURSION = YES;
				CLANG_WARN_INT_CONVERSION = YES;
				CLANG_WARN_NON_LITERAL_NULL_CONVERSION = YES;
				CLANG_WARN_OBJC_IMPLICIT_RETAIN_SELF = YES;
				CLANG_WARN_OBJC_LITERAL_CONVERSION = YES;
				CLANG_WARN_OBJC_ROOT_CLASS = YES_ERROR;
				CLANG_WARN_QUOTED_INCLUDE_IN_FRAMEWORK_HEADER = YES;
				CLANG_WARN_RANGE_LOOP_ANALYSIS = YES;
				CLANG_WARN_STRICT_PROTOTYPES = YES;
				CLANG_WARN_SUSPICIOUS_MOVE = YES;
				CLANG_WARN_UNGUARDED_AVAILABILITY = YES_AGGRESSIVE;
				CLANG_WARN_UNREACHABLE_CODE = YES;
				CLANG_WARN__DUPLICATE_METHOD_MATCH = YES;
				COPY_PHASE_STRIP = NO;
				DEBUG_INFORMATION_FORMAT = dwarf;
				ENABLE_STRICT_OBJC_MSGSEND = YES;
				ENABLE_TESTABILITY = YES;
				GCC_C_LANGUAGE_STANDARD = gnu11;
				GCC_DYNAMIC_NO_PIC = NO;
				GCC_NO_COMMON_BLOCKS = YES;
				GCC_OPTIMIZATION_LEVEL = 0;
				GCC_PREPROCESSOR_DEFINITIONS = (
					"DEBUG=1",
					"$(inherited)",
				);
				GCC_WARN_64_TO_32_BIT_CONVERSION = YES;
				GCC_WARN_ABOUT_RETURN_TYPE = YES_ERROR;
				GCC_WARN_UNDECLARED_SELECTOR = YES;
				GCC_WARN_UNINITIALIZED_AUTOS = YES_AGGRESSIVE;
				GCC_WARN_UNUSED_FUNCTION = YES;
				GCC_WARN_UNUSED_VARIABLE = YES;
				IPHONEOS_DEPLOYMENT_TARGET = 16.4;
				MTL_ENABLE_DEBUG_INFO = INCLUDE_SOURCE;
				MTL_FAST_MATH = YES;
				ONLY_ACTIVE_ARCH = YES;
				SDKROOT = iphoneos;
				SWIFT_ACTIVE_COMPILATION_CONDITIONS = DEBUG;
				SWIFT_OPTIMIZATION_LEVEL = "-Onone";
			};
			name = Debug;
		};
		3E60F1DB2AF7AFAD004C2B85 /* Release */ = {
			isa = XCBuildConfiguration;
			buildSettings = {
				ALWAYS_SEARCH_USER_PATHS = NO;
				CLANG_ANALYZER_NONNULL = YES;
				CLANG_ANALYZER_NUMBER_OBJECT_CONVERSION = YES_AGGRESSIVE;
				CLANG_CXX_LANGUAGE_STANDARD = "gnu++20";
				CLANG_ENABLE_MODULES = YES;
				CLANG_ENABLE_OBJC_ARC = YES;
				CLANG_ENABLE_OBJC_WEAK = YES;
				CLANG_WARN_BLOCK_CAPTURE_AUTORELEASING = YES;
				CLANG_WARN_BOOL_CONVERSION = YES;
				CLANG_WARN_COMMA = YES;
				CLANG_WARN_CONSTANT_CONVERSION = YES;
				CLANG_WARN_DEPRECATED_OBJC_IMPLEMENTATIONS = YES;
				CLANG_WARN_DIRECT_OBJC_ISA_USAGE = YES_ERROR;
				CLANG_WARN_DOCUMENTATION_COMMENTS = YES;
				CLANG_WARN_EMPTY_BODY = YES;
				CLANG_WARN_ENUM_CONVERSION = YES;
				CLANG_WARN_INFINITE_RECURSION = YES;
				CLANG_WARN_INT_CONVERSION = YES;
				CLANG_WARN_NON_LITERAL_NULL_CONVERSION = YES;
				CLANG_WARN_OBJC_IMPLICIT_RETAIN_SELF = YES;
				CLANG_WARN_OBJC_LITERAL_CONVERSION = YES;
				CLANG_WARN_OBJC_ROOT_CLASS = YES_ERROR;
				CLANG_WARN_QUOTED_INCLUDE_IN_FRAMEWORK_HEADER = YES;
				CLANG_WARN_RANGE_LOOP_ANALYSIS = YES;
				CLANG_WARN_STRICT_PROTOTYPES = YES;
				CLANG_WARN_SUSPICIOUS_MOVE = YES;
				CLANG_WARN_UNGUARDED_AVAILABILITY = YES_AGGRESSIVE;
				CLANG_WARN_UNREACHABLE_CODE = YES;
				CLANG_WARN__DUPLICATE_METHOD_MATCH = YES;
				COPY_PHASE_STRIP = NO;
				DEBUG_INFORMATION_FORMAT = "dwarf-with-dsym";
				ENABLE_NS_ASSERTIONS = NO;
				ENABLE_STRICT_OBJC_MSGSEND = YES;
				GCC_C_LANGUAGE_STANDARD = gnu11;
				GCC_NO_COMMON_BLOCKS = YES;
				GCC_WARN_64_TO_32_BIT_CONVERSION = YES;
				GCC_WARN_ABOUT_RETURN_TYPE = YES_ERROR;
				GCC_WARN_UNDECLARED_SELECTOR = YES;
				GCC_WARN_UNINITIALIZED_AUTOS = YES_AGGRESSIVE;
				GCC_WARN_UNUSED_FUNCTION = YES;
				GCC_WARN_UNUSED_VARIABLE = YES;
				IPHONEOS_DEPLOYMENT_TARGET = 16.4;
				MTL_ENABLE_DEBUG_INFO = NO;
				MTL_FAST_MATH = YES;
				SDKROOT = iphoneos;
				SWIFT_COMPILATION_MODE = wholemodule;
				SWIFT_OPTIMIZATION_LEVEL = "-O";
				VALIDATE_PRODUCT = YES;
			};
			name = Release;
		};
		3E60F1DD2AF7AFAD004C2B85 /* Debug */ = {
			isa = XCBuildConfiguration;
			baseConfigurationReference = 95238EA83F37A66B5E9A8E1D /* Pods-case-study2.debug.xcconfig */;
			buildSettings = {
				ASSETCATALOG_COMPILER_APPICON_NAME = AppIcon;
				ASSETCATALOG_COMPILER_GLOBAL_ACCENT_COLOR_NAME = AccentColor;
				CODE_SIGN_STYLE = Automatic;
				CURRENT_PROJECT_VERSION = 1;
				DEVELOPMENT_TEAM = QT6B66A8Y8;
				GENERATE_INFOPLIST_FILE = YES;
				INFOPLIST_FILE = "case-study2/Info.plist";
				INFOPLIST_KEY_UIApplicationSupportsIndirectInputEvents = YES;
				INFOPLIST_KEY_UILaunchStoryboardName = LaunchScreen;
				INFOPLIST_KEY_UISupportedInterfaceOrientations_iPad = "UIInterfaceOrientationPortrait UIInterfaceOrientationPortraitUpsideDown UIInterfaceOrientationLandscapeLeft UIInterfaceOrientationLandscapeRight";
				INFOPLIST_KEY_UISupportedInterfaceOrientations_iPhone = "UIInterfaceOrientationPortrait UIInterfaceOrientationLandscapeLeft UIInterfaceOrientationLandscapeRight";
				LD_RUNPATH_SEARCH_PATHS = (
					"$(inherited)",
					"@executable_path/Frameworks",
				);
				MARKETING_VERSION = 1.0;
				PRODUCT_BUNDLE_IDENTIFIER = "com.aldimahotma.case-study2";
				PRODUCT_NAME = "$(TARGET_NAME)";
				SWIFT_EMIT_LOC_STRINGS = YES;
				SWIFT_VERSION = 5.0;
				TARGETED_DEVICE_FAMILY = "1,2";
			};
			name = Debug;
		};
		3E60F1DE2AF7AFAD004C2B85 /* Release */ = {
			isa = XCBuildConfiguration;
			baseConfigurationReference = 6F31B3D14EC8B6A37326951B /* Pods-case-study2.release.xcconfig */;
			buildSettings = {
				ASSETCATALOG_COMPILER_APPICON_NAME = AppIcon;
				ASSETCATALOG_COMPILER_GLOBAL_ACCENT_COLOR_NAME = AccentColor;
				CODE_SIGN_STYLE = Automatic;
				CURRENT_PROJECT_VERSION = 1;
				DEVELOPMENT_TEAM = QT6B66A8Y8;
				GENERATE_INFOPLIST_FILE = YES;
				INFOPLIST_FILE = "case-study2/Info.plist";
				INFOPLIST_KEY_UIApplicationSupportsIndirectInputEvents = YES;
				INFOPLIST_KEY_UILaunchStoryboardName = LaunchScreen;
				INFOPLIST_KEY_UISupportedInterfaceOrientations_iPad = "UIInterfaceOrientationPortrait UIInterfaceOrientationPortraitUpsideDown UIInterfaceOrientationLandscapeLeft UIInterfaceOrientationLandscapeRight";
				INFOPLIST_KEY_UISupportedInterfaceOrientations_iPhone = "UIInterfaceOrientationPortrait UIInterfaceOrientationLandscapeLeft UIInterfaceOrientationLandscapeRight";
				LD_RUNPATH_SEARCH_PATHS = (
					"$(inherited)",
					"@executable_path/Frameworks",
				);
				MARKETING_VERSION = 1.0;
				PRODUCT_BUNDLE_IDENTIFIER = "com.aldimahotma.case-study2";
				PRODUCT_NAME = "$(TARGET_NAME)";
				SWIFT_EMIT_LOC_STRINGS = YES;
				SWIFT_VERSION = 5.0;
				TARGETED_DEVICE_FAMILY = "1,2";
			};
			name = Release;
		};
		3E60F1E02AF7AFAD004C2B85 /* Debug */ = {
			isa = XCBuildConfiguration;
			baseConfigurationReference = 6BDD417769E24A34E95C96E5 /* Pods-case-study2Tests.debug.xcconfig */;
			buildSettings = {
				ALWAYS_EMBED_SWIFT_STANDARD_LIBRARIES = YES;
				BUNDLE_LOADER = "$(TEST_HOST)";
				CODE_SIGN_STYLE = Automatic;
				CURRENT_PROJECT_VERSION = 1;
				DEVELOPMENT_TEAM = QT6B66A8Y8;
				GENERATE_INFOPLIST_FILE = YES;
				IPHONEOS_DEPLOYMENT_TARGET = 16.4;
				MARKETING_VERSION = 1.0;
				PRODUCT_BUNDLE_IDENTIFIER = "com.aldimahotma.case-study2Tests";
				PRODUCT_NAME = "$(TARGET_NAME)";
				SWIFT_EMIT_LOC_STRINGS = NO;
				SWIFT_VERSION = 5.0;
				TARGETED_DEVICE_FAMILY = "1,2";
				TEST_HOST = "$(BUILT_PRODUCTS_DIR)/case-study2.app/$(BUNDLE_EXECUTABLE_FOLDER_PATH)/case-study2";
			};
			name = Debug;
		};
		3E60F1E12AF7AFAD004C2B85 /* Release */ = {
			isa = XCBuildConfiguration;
			baseConfigurationReference = 26BF9A02F3DD2026457676D8 /* Pods-case-study2Tests.release.xcconfig */;
			buildSettings = {
				ALWAYS_EMBED_SWIFT_STANDARD_LIBRARIES = YES;
				BUNDLE_LOADER = "$(TEST_HOST)";
				CODE_SIGN_STYLE = Automatic;
				CURRENT_PROJECT_VERSION = 1;
				DEVELOPMENT_TEAM = QT6B66A8Y8;
				GENERATE_INFOPLIST_FILE = YES;
				IPHONEOS_DEPLOYMENT_TARGET = 16.4;
				MARKETING_VERSION = 1.0;
				PRODUCT_BUNDLE_IDENTIFIER = "com.aldimahotma.case-study2Tests";
				PRODUCT_NAME = "$(TARGET_NAME)";
				SWIFT_EMIT_LOC_STRINGS = NO;
				SWIFT_VERSION = 5.0;
				TARGETED_DEVICE_FAMILY = "1,2";
				TEST_HOST = "$(BUILT_PRODUCTS_DIR)/case-study2.app/$(BUNDLE_EXECUTABLE_FOLDER_PATH)/case-study2";
			};
			name = Release;
		};
		3E60F1E32AF7AFAD004C2B85 /* Debug */ = {
			isa = XCBuildConfiguration;
			baseConfigurationReference = 0EE51000EA8BFBA940452A7B /* Pods-case-study2-case-study2UITests.debug.xcconfig */;
			buildSettings = {
				ALWAYS_EMBED_SWIFT_STANDARD_LIBRARIES = YES;
				CODE_SIGN_STYLE = Automatic;
				CURRENT_PROJECT_VERSION = 1;
				DEVELOPMENT_TEAM = QT6B66A8Y8;
				GENERATE_INFOPLIST_FILE = YES;
				MARKETING_VERSION = 1.0;
				PRODUCT_BUNDLE_IDENTIFIER = "com.aldimahotma.case-study2UITests";
				PRODUCT_NAME = "$(TARGET_NAME)";
				SWIFT_EMIT_LOC_STRINGS = NO;
				SWIFT_VERSION = 5.0;
				TARGETED_DEVICE_FAMILY = "1,2";
				TEST_TARGET_NAME = "case-study2";
			};
			name = Debug;
		};
		3E60F1E42AF7AFAD004C2B85 /* Release */ = {
			isa = XCBuildConfiguration;
			baseConfigurationReference = B9378CD3F0F0C6FB79C406D1 /* Pods-case-study2-case-study2UITests.release.xcconfig */;
			buildSettings = {
				ALWAYS_EMBED_SWIFT_STANDARD_LIBRARIES = YES;
				CODE_SIGN_STYLE = Automatic;
				CURRENT_PROJECT_VERSION = 1;
				DEVELOPMENT_TEAM = QT6B66A8Y8;
				GENERATE_INFOPLIST_FILE = YES;
				MARKETING_VERSION = 1.0;
				PRODUCT_BUNDLE_IDENTIFIER = "com.aldimahotma.case-study2UITests";
				PRODUCT_NAME = "$(TARGET_NAME)";
				SWIFT_EMIT_LOC_STRINGS = NO;
				SWIFT_VERSION = 5.0;
				TARGETED_DEVICE_FAMILY = "1,2";
				TEST_TARGET_NAME = "case-study2";
			};
			name = Release;
		};
/* End XCBuildConfiguration section */

/* Begin XCConfigurationList section */
		3E60F1AD2AF7AFAC004C2B85 /* Build configuration list for PBXProject "case-study2" */ = {
			isa = XCConfigurationList;
			buildConfigurations = (
				3E60F1DA2AF7AFAD004C2B85 /* Debug */,
				3E60F1DB2AF7AFAD004C2B85 /* Release */,
			);
			defaultConfigurationIsVisible = 0;
			defaultConfigurationName = Release;
		};
		3E60F1DC2AF7AFAD004C2B85 /* Build configuration list for PBXNativeTarget "case-study2" */ = {
			isa = XCConfigurationList;
			buildConfigurations = (
				3E60F1DD2AF7AFAD004C2B85 /* Debug */,
				3E60F1DE2AF7AFAD004C2B85 /* Release */,
			);
			defaultConfigurationIsVisible = 0;
			defaultConfigurationName = Release;
		};
		3E60F1DF2AF7AFAD004C2B85 /* Build configuration list for PBXNativeTarget "case-study2Tests" */ = {
			isa = XCConfigurationList;
			buildConfigurations = (
				3E60F1E02AF7AFAD004C2B85 /* Debug */,
				3E60F1E12AF7AFAD004C2B85 /* Release */,
			);
			defaultConfigurationIsVisible = 0;
			defaultConfigurationName = Release;
		};
		3E60F1E22AF7AFAD004C2B85 /* Build configuration list for PBXNativeTarget "case-study2UITests" */ = {
			isa = XCConfigurationList;
			buildConfigurations = (
				3E60F1E32AF7AFAD004C2B85 /* Debug */,
				3E60F1E42AF7AFAD004C2B85 /* Release */,
			);
			defaultConfigurationIsVisible = 0;
			defaultConfigurationName = Release;
		};
/* End XCConfigurationList section */
	};
	rootObject = 3E60F1AA2AF7AFAC004C2B85 /* Project object */;
}
