// !$*UTF8*$!
{
	archiveVersion = 1;
	classes = {
	};
	objectVersion = 56;
	objects = {

/* Begin PBXBuildFile section */
		3E60F1B62AF7AFAC004C2B85 /* AppDelegate.swift in Sources */ = {isa = PBXBuildFile; fileRef = 3E60F1B52AF7AFAC004C2B85 /* AppDelegate.swift */; };
		3E60F1B82AF7AFAC004C2B85 /* SceneDelegate.swift in Sources */ = {isa = PBXBuildFile; fileRef = 3E60F1B72AF7AFAC004C2B85 /* SceneDelegate.swift */; };
		3E60F1BA2AF7AFAC004C2B85 /* ViewController.swift in Sources */ = {isa = PBXBuildFile; fileRef = 3E60F1B92AF7AFAC004C2B85 /* ViewController.swift */; };
		3E60F1BF2AF7AFAD004C2B85 /* Assets.xcassets in Resources */ = {isa = PBXBuildFile; fileRef = 3E60F1BE2AF7AFAD004C2B85 /* Assets.xcassets */; };
		3E60F1C22AF7AFAD004C2B85 /* LaunchScreen.storyboard in Resources */ = {isa = PBXBuildFile; fileRef = 3E60F1C02AF7AFAD004C2B85 /* LaunchScreen.storyboard */; };
		3E60F1CD2AF7AFAD004C2B85 /* case_study2Tests.swift in Sources */ = {isa = PBXBuildFile; fileRef = 3E60F1CC2AF7AFAD004C2B85 /* case_study2Tests.swift */; };
		3E60F1D72AF7AFAD004C2B85 /* case_study2UITests.swift in Sources */ = {isa = PBXBuildFile; fileRef = 3E60F1D62AF7AFAD004C2B85 /* case_study2UITests.swift */; };
		3E60F1D92AF7AFAD004C2B85 /* case_study2UITestsLaunchTests.swift in Sources */ = {isa = PBXBuildFile; fileRef = 3E60F1D82AF7AFAD004C2B85 /* case_study2UITestsLaunchTests.swift */; };
/* End PBXBuildFile section */

/* Begin PBXContainerItemProxy section */
		3E60F1C92AF7AFAD004C2B85 /* PBXContainerItemProxy */ = {
			isa = PBXContainerItemProxy;
			containerPortal = 3E60F1AA2AF7AFAC004C2B85 /* Project object */;
			proxyType = 1;
			remoteGlobalIDString = 3E60F1B12AF7AFAC004C2B85;
			remoteInfo = "case-study2";
		};
		3E60F1D32AF7AFAD004C2B85 /* PBXContainerItemProxy */ = {
			isa = PBXContainerItemProxy;
			containerPortal = 3E60F1AA2AF7AFAC004C2B85 /* Project object */;
			proxyType = 1;
			remoteGlobalIDString = 3E60F1B12AF7AFAC004C2B85;
			remoteInfo = "case-study2";
		};
/* End PBXContainerItemProxy section */

/* Begin PBXFileReference section */
		3E60F1B22AF7AFAC004C2B85 /* case-study2.app */ = {isa = PBXFileReference; explicitFileType = wrapper.application; includeInIndex = 0; path = "case-study2.app"; sourceTree = BUILT_PRODUCTS_DIR; };
		3E60F1B52AF7AFAC004C2B85 /* AppDelegate.swift */ = {isa = PBXFileReference; lastKnownFileType = sourcecode.swift; path = AppDelegate.swift; sourceTree = "<group>"; };
		3E60F1B72AF7AFAC004C2B85 /* SceneDelegate.swift */ = {isa = PBXFileReference; lastKnownFileType = sourcecode.swift; path = SceneDelegate.swift; sourceTree = "<group>"; };
		3E60F1B92AF7AFAC004C2B85 /* ViewController.swift */ = {isa = PBXFileReference; lastKnownFileType = sourcecode.swift; path = ViewController.swift; sourceTree = "<group>"; };
		3E60F1BE2AF7AFAD004C2B85 /* Assets.xcassets */ = {isa = PBXFileReference; lastKnownFileType = folder.assetcatalog; path = Assets.xcassets; sourceTree = "<group>"; };
		3E60F1C12AF7AFAD004C2B85 /* Base */ = {isa = PBXFileReference; lastKnownFileType = file.storyboard; name = Base; path = Base.lproj/LaunchScreen.storyboard; sourceTree = "<group>"; };
		3E60F1C32AF7AFAD004C2B85 /* Info.plist */ = {isa = PBXFileReference; lastKnownFileType = text.plist.xml; path = Info.plist; sourceTree = "<group>"; };
		3E60F1C82AF7AFAD004C2B85 /* case-study2Tests.xctest */ = {isa = PBXFileReference; explicitFileType = wrapper.cfbundle; includeInIndex = 0; path = "case-study2Tests.xctest"; sourceTree = BUILT_PRODUCTS_DIR; };
		3E60F1CC2AF7AFAD004C2B85 /* case_study2Tests.swift */ = {isa = PBXFileReference; lastKnownFileType = sourcecode.swift; path = case_study2Tests.swift; sourceTree = "<group>"; };
		3E60F1D22AF7AFAD004C2B85 /* case-study2UITests.xctest */ = {isa = PBXFileReference; explicitFileType = wrapper.cfbundle; includeInIndex = 0; path = "case-study2UITests.xctest"; sourceTree = BUILT_PRODUCTS_DIR; };
		3E60F1D62AF7AFAD004C2B85 /* case_study2UITests.swift */ = {isa = PBXFileReference; lastKnownFileType = sourcecode.swift; path = case_study2UITests.swift; sourceTree = "<group>"; };
		3E60F1D82AF7AFAD004C2B85 /* case_study2UITestsLaunchTests.swift */ = {isa = PBXFileReference; lastKnownFileType = sourcecode.swift; path = case_study2UITestsLaunchTests.swift; sourceTree = "<group>"; };
/* End PBXFileReference section */

/* Begin PBXFrameworksBuildPhase section */
		3E60F1AF2AF7AFAC004C2B85 /* Frameworks */ = {
			isa = PBXFrameworksBuildPhase;
			buildActionMask = 2147483647;
			files = (
			);
			runOnlyForDeploymentPostprocessing = 0;
		};
		3E60F1C52AF7AFAD004C2B85 /* Frameworks */ = {
			isa = PBXFrameworksBuildPhase;
			buildActionMask = 2147483647;
			files = (
			);
			runOnlyForDeploymentPostprocessing = 0;
		};
		3E60F1CF2AF7AFAD004C2B85 /* Frameworks */ = {
			isa = PBXFrameworksBuildPhase;
			buildActionMask = 2147483647;
			files = (
			);
			runOnlyForDeploymentPostprocessing = 0;
		};
/* End PBXFrameworksBuildPhase section */

/* Begin PBXGroup section */
		3E60F1A92AF7AFAC004C2B85 = {
			isa = PBXGroup;
			children = (
				3E60F1B42AF7AFAC004C2B85 /* case-study2 */,
				3E60F1CB2AF7AFAD004C2B85 /* case-study2Tests */,
				3E60F1D52AF7AFAD004C2B85 /* case-study2UITests */,
				3E60F1B32AF7AFAC004C2B85 /* Products */,
			);
			sourceTree = "<group>";
		};
		3E60F1B32AF7AFAC004C2B85 /* Products */ = {
			isa = PBXGroup;
			children = (
				3E60F1B22AF7AFAC004C2B85 /* case-study2.app */,
				3E60F1C82AF7AFAD004C2B85 /* case-study2Tests.xctest */,
				3E60F1D22AF7AFAD004C2B85 /* case-study2UITests.xctest */,
			);
			name = Products;
			sourceTree = "<group>";
		};
		3E60F1B42AF7AFAC004C2B85 /* case-study2 */ = {
			isa = PBXGroup;
			children = (
				3E60F1B52AF7AFAC004C2B85 /* AppDelegate.swift */,
				3E60F1B72AF7AFAC004C2B85 /* SceneDelegate.swift */,
				3E60F1B92AF7AFAC004C2B85 /* ViewController.swift */,
				3E60F1BE2AF7AFAD004C2B85 /* Assets.xcassets */,
				3E60F1C02AF7AFAD004C2B85 /* LaunchScreen.storyboard */,
				3E60F1C32AF7AFAD004C2B85 /* Info.plist */,
			);
			path = "case-study2";
			sourceTree = "<group>";
		};
		3E60F1CB2AF7AFAD004C2B85 /* case-study2Tests */ = {
			isa = PBXGroup;
			children = (
				3E60F1CC2AF7AFAD004C2B85 /* case_study2Tests.swift */,
			);
			path = "case-study2Tests";
			sourceTree = "<group>";
		};
		3E60F1D52AF7AFAD004C2B85 /* case-study2UITests */ = {
			isa = PBXGroup;
			children = (
				3E60F1D62AF7AFAD004C2B85 /* case_study2UITests.swift */,
				3E60F1D82AF7AFAD004C2B85 /* case_study2UITestsLaunchTests.swift */,
			);
			path = "case-study2UITests";
			sourceTree = "<group>";
		};
/* End PBXGroup section */

/* Begin PBXNativeTarget section */
		3E60F1B12AF7AFAC004C2B85 /* case-study2 */ = {
			isa = PBXNativeTarget;
			buildConfigurationList = 3E60F1DC2AF7AFAD004C2B85 /* Build configuration list for PBXNativeTarget "case-study2" */;
			buildPhases = (
				3E60F1AE2AF7AFAC004C2B85 /* Sources */,
				3E60F1AF2AF7AFAC004C2B85 /* Frameworks */,
				3E60F1B02AF7AFAC004C2B85 /* Resources */,
			);
			buildRules = (
			);
			dependencies = (
			);
			name = "case-study2";
			productName = "case-study2";
			productReference = 3E60F1B22AF7AFAC004C2B85 /* case-study2.app */;
			productType = "com.apple.product-type.application";
		};
		3E60F1C72AF7AFAD004C2B85 /* case-study2Tests */ = {
			isa = PBXNativeTarget;
			buildConfigurationList = 3E60F1DF2AF7AFAD004C2B85 /* Build configuration list for PBXNativeTarget "case-study2Tests" */;
			buildPhases = (
				3E60F1C42AF7AFAD004C2B85 /* Sources */,
				3E60F1C52AF7AFAD004C2B85 /* Frameworks */,
				3E60F1C62AF7AFAD004C2B85 /* Resources */,
			);
			buildRules = (
			);
			dependencies = (
				3E60F1CA2AF7AFAD004C2B85 /* PBXTargetDependency */,
			);
			name = "case-study2Tests";
			productName = "case-study2Tests";
			productReference = 3E60F1C82AF7AFAD004C2B85 /* case-study2Tests.xctest */;
			productType = "com.apple.product-type.bundle.unit-test";
		};
		3E60F1D12AF7AFAD004C2B85 /* case-study2UITests */ = {
			isa = PBXNativeTarget;
			buildConfigurationList = 3E60F1E22AF7AFAD004C2B85 /* Build configuration list for PBXNativeTarget "case-study2UITests" */;
			buildPhases = (
				3E60F1CE2AF7AFAD004C2B85 /* Sources */,
				3E60F1CF2AF7AFAD004C2B85 /* Frameworks */,
				3E60F1D02AF7AFAD004C2B85 /* Resources */,
			);
			buildRules = (
			);
			dependencies = (
				3E60F1D42AF7AFAD004C2B85 /* PBXTargetDependency */,
			);
			name = "case-study2UITests";
			productName = "case-study2UITests";
			productReference = 3E60F1D22AF7AFAD004C2B85 /* case-study2UITests.xctest */;
			productType = "com.apple.product-type.bundle.ui-testing";
		};
/* End PBXNativeTarget section */

/* Begin PBXProject section */
		3E60F1AA2AF7AFAC004C2B85 /* Project object */ = {
			isa = PBXProject;
			attributes = {
				BuildIndependentTargetsInParallel = 1;
				LastSwiftUpdateCheck = 1430;
				LastUpgradeCheck = 1430;
				TargetAttributes = {
					3E60F1B12AF7AFAC004C2B85 = {
						CreatedOnToolsVersion = 14.3;
					};
					3E60F1C72AF7AFAD004C2B85 = {
						CreatedOnToolsVersion = 14.3;
						TestTargetID = 3E60F1B12AF7AFAC004C2B85;
					};
					3E60F1D12AF7AFAD004C2B85 = {
						CreatedOnToolsVersion = 14.3;
						TestTargetID = 3E60F1B12AF7AFAC004C2B85;
					};
				};
			};
			buildConfigurationList = 3E60F1AD2AF7AFAC004C2B85 /* Build configuration list for PBXProject "case-study2" */;
			compatibilityVersion = "Xcode 14.0";
			developmentRegion = en;
			hasScannedForEncodings = 0;
			knownRegions = (
				en,
				Base,
			);
			mainGroup = 3E60F1A92AF7AFAC004C2B85;
			productRefGroup = 3E60F1B32AF7AFAC004C2B85 /* Products */;
			projectDirPath = "";
			projectRoot = "";
			targets = (
				3E60F1B12AF7AFAC004C2B85 /* case-study2 */,
				3E60F1C72AF7AFAD004C2B85 /* case-study2Tests */,
				3E60F1D12AF7AFAD004C2B85 /* case-study2UITests */,
			);
		};
/* End PBXProject section */

/* Begin PBXResourcesBuildPhase section */
		3E60F1B02AF7AFAC004C2B85 /* Resources */ = {
			isa = PBXResourcesBuildPhase;
			buildActionMask = 2147483647;
			files = (
				3E60F1C22AF7AFAD004C2B85 /* LaunchScreen.storyboard in Resources */,
				3E60F1BF2AF7AFAD004C2B85 /* Assets.xcassets in Resources */,
			);
			runOnlyForDeploymentPostprocessing = 0;
		};
		3E60F1C62AF7AFAD004C2B85 /* Resources */ = {
			isa = PBXResourcesBuildPhase;
			buildActionMask = 2147483647;
			files = (
			);
			runOnlyForDeploymentPostprocessing = 0;
		};
		3E60F1D02AF7AFAD004C2B85 /* Resources */ = {
			isa = PBXResourcesBuildPhase;
			buildActionMask = 2147483647;
			files = (
			);
			runOnlyForDeploymentPostprocessing = 0;
		};
/* End PBXResourcesBuildPhase section */

/* Begin PBXSourcesBuildPhase section */
		3E60F1AE2AF7AFAC004C2B85 /* Sources */ = {
			isa = PBXSourcesBuildPhase;
			buildActionMask = 2147483647;
			files = (
				3E60F1BA2AF7AFAC004C2B85 /* ViewController.swift in Sources */,
				3E60F1B62AF7AFAC004C2B85 /* AppDelegate.swift in Sources */,
				3E60F1B82AF7AFAC004C2B85 /* SceneDelegate.swift in Sources */,
			);
			runOnlyForDeploymentPostprocessing = 0;
		};
		3E60F1C42AF7AFAD004C2B85 /* Sources */ = {
			isa = PBXSourcesBuildPhase;
			buildActionMask = 2147483647;
			files = (
				3E60F1CD2AF7AFAD004C2B85 /* case_study2Tests.swift in Sources */,
			);
			runOnlyForDeploymentPostprocessing = 0;
		};
		3E60F1CE2AF7AFAD004C2B85 /* Sources */ = {
			isa = PBXSourcesBuildPhase;
			buildActionMask = 2147483647;
			files = (
				3E60F1D72AF7AFAD004C2B85 /* case_study2UITests.swift in Sources */,
				3E60F1D92AF7AFAD004C2B85 /* case_study2UITestsLaunchTests.swift in Sources */,
			);
			runOnlyForDeploymentPostprocessing = 0;
		};
/* End PBXSourcesBuildPhase section */

/* Begin PBXTargetDependency section */
		3E60F1CA2AF7AFAD004C2B85 /* PBXTargetDependency */ = {
			isa = PBXTargetDependency;
			target = 3E60F1B12AF7AFAC004C2B85 /* case-study2 */;
			targetProxy = 3E60F1C92AF7AFAD004C2B85 /* PBXContainerItemProxy */;
		};
		3E60F1D42AF7AFAD004C2B85 /* PBXTargetDependency */ = {
			isa = PBXTargetDependency;
			target = 3E60F1B12AF7AFAC004C2B85 /* case-study2 */;
			targetProxy = 3E60F1D32AF7AFAD004C2B85 /* PBXContainerItemProxy */;
		};
/* End PBXTargetDependency section */

/* Begin PBXVariantGroup section */
		3E60F1C02AF7AFAD004C2B85 /* LaunchScreen.storyboard */ = {
			isa = PBXVariantGroup;
			children = (
				3E60F1C12AF7AFAD004C2B85 /* Base */,
			);
			name = LaunchScreen.storyboard;
			sourceTree = "<group>";
		};
/* End PBXVariantGroup section */

/* Begin XCBuildConfiguration section */
		3E60F1DA2AF7AFAD004C2B85 /* Debug */ = {
			isa = XCBuildConfiguration;
			buildSettings = {
				ALWAYS_SEARCH_USER_PATHS = NO;
				CLANG_ANALYZER_NONNULL = YES;
				CLANG_ANALYZER_NUMBER_OBJECT_CONVERSION = YES_AGGRESSIVE;
				CLANG_CXX_LANGUAGE_STANDARD = "gnu++20";
				CLANG_ENABLE_MODULES = YES;
				CLANG_ENABLE_OBJC_ARC = YES;
				CLANG_ENABLE_OBJC_WEAK = YES;
				CLANG_WARN_BLOCK_CAPTURE_AUTORELEASING = YES;
				CLANG_WARN_BOOL_CONVERSION = YES;
				CLANG_WARN_COMMA = YES;
				CLANG_WARN_CONSTANT_CONVERSION = YES;
				CLANG_WARN_DEPRECATED_OBJC_IMPLEMENTATIONS = YES;
				CLANG_WARN_DIRECT_OBJC_ISA_USAGE = YES_ERROR;
				CLANG_WARN_DOCUMENTATION_COMMENTS = YES;
				CLANG_WARN_EMPTY_BODY = YES;
				CLANG_WARN_ENUM_CONVERSION = YES;
				CLANG_WARN_INFINITE_RECURSION = YES;
				CLANG_WARN_INT_CONVERSION = YES;
				CLANG_WARN_NON_LITERAL_NULL_CONVERSION = YES;
				CLANG_WARN_OBJC_IMPLICIT_RETAIN_SELF = YES;
				CLANG_WARN_OBJC_LITERAL_CONVERSION = YES;
				CLANG_WARN_OBJC_ROOT_CLASS = YES_ERROR;
				CLANG_WARN_QUOTED_INCLUDE_IN_FRAMEWORK_HEADER = YES;
				CLANG_WARN_RANGE_LOOP_ANALYSIS = YES;
				CLANG_WARN_STRICT_PROTOTYPES = YES;
				CLANG_WARN_SUSPICIOUS_MOVE = YES;
				CLANG_WARN_UNGUARDED_AVAILABILITY = YES_AGGRESSIVE;
				CLANG_WARN_UNREACHABLE_CODE = YES;
				CLANG_WARN__DUPLICATE_METHOD_MATCH = YES;
				COPY_PHASE_STRIP = NO;
				DEBUG_INFORMATION_FORMAT = dwarf;
				ENABLE_STRICT_OBJC_MSGSEND = YES;
				ENABLE_TESTABILITY = YES;
				GCC_C_LANGUAGE_STANDARD = gnu11;
				GCC_DYNAMIC_NO_PIC = NO;
				GCC_NO_COMMON_BLOCKS = YES;
				GCC_OPTIMIZATION_LEVEL = 0;
				GCC_PREPROCESSOR_DEFINITIONS = (
					"DEBUG=1",
					"$(inherited)",
				);
				GCC_WARN_64_TO_32_BIT_CONVERSION = YES;
				GCC_WARN_ABOUT_RETURN_TYPE = YES_ERROR;
				GCC_WARN_UNDECLARED_SELECTOR = YES;
				GCC_WARN_UNINITIALIZED_AUTOS = YES_AGGRESSIVE;
				GCC_WARN_UNUSED_FUNCTION = YES;
				GCC_WARN_UNUSED_VARIABLE = YES;
				IPHONEOS_DEPLOYMENT_TARGET = 16.4;
				MTL_ENABLE_DEBUG_INFO = INCLUDE_SOURCE;
				MTL_FAST_MATH = YES;
				ONLY_ACTIVE_ARCH = YES;
				SDKROOT = iphoneos;
				SWIFT_ACTIVE_COMPILATION_CONDITIONS = DEBUG;
				SWIFT_OPTIMIZATION_LEVEL = "-Onone";
			};
			name = Debug;
		};
		3E60F1DB2AF7AFAD004C2B85 /* Release */ = {
			isa = XCBuildConfiguration;
			buildSettings = {
				ALWAYS_SEARCH_USER_PATHS = NO;
				CLANG_ANALYZER_NONNULL = YES;
				CLANG_ANALYZER_NUMBER_OBJECT_CONVERSION = YES_AGGRESSIVE;
				CLANG_CXX_LANGUAGE_STANDARD = "gnu++20";
				CLANG_ENABLE_MODULES = YES;
				CLANG_ENABLE_OBJC_ARC = YES;
				CLANG_ENABLE_OBJC_WEAK = YES;
				CLANG_WARN_BLOCK_CAPTURE_AUTORELEASING = YES;
				CLANG_WARN_BOOL_CONVERSION = YES;
				CLANG_WARN_COMMA = YES;
				CLANG_WARN_CONSTANT_CONVERSION = YES;
				CLANG_WARN_DEPRECATED_OBJC_IMPLEMENTATIONS = YES;
				CLANG_WARN_DIRECT_OBJC_ISA_USAGE = YES_ERROR;
				CLANG_WARN_DOCUMENTATION_COMMENTS = YES;
				CLANG_WARN_EMPTY_BODY = YES;
				CLANG_WARN_ENUM_CONVERSION = YES;
				CLANG_WARN_INFINITE_RECURSION = YES;
				CLANG_WARN_INT_CONVERSION = YES;
				CLANG_WARN_NON_LITERAL_NULL_CONVERSION = YES;
				CLANG_WARN_OBJC_IMPLICIT_RETAIN_SELF = YES;
				CLANG_WARN_OBJC_LITERAL_CONVERSION = YES;
				CLANG_WARN_OBJC_ROOT_CLASS = YES_ERROR;
				CLANG_WARN_QUOTED_INCLUDE_IN_FRAMEWORK_HEADER = YES;
				CLANG_WARN_RANGE_LOOP_ANALYSIS = YES;
				CLANG_WARN_STRICT_PROTOTYPES = YES;
				CLANG_WARN_SUSPICIOUS_MOVE = YES;
				CLANG_WARN_UNGUARDED_AVAILABILITY = YES_AGGRESSIVE;
				CLANG_WARN_UNREACHABLE_CODE = YES;
				CLANG_WARN__DUPLICATE_METHOD_MATCH = YES;
				COPY_PHASE_STRIP = NO;
				DEBUG_INFORMATION_FORMAT = "dwarf-with-dsym";
				ENABLE_NS_ASSERTIONS = NO;
				ENABLE_STRICT_OBJC_MSGSEND = YES;
				GCC_C_LANGUAGE_STANDARD = gnu11;
				GCC_NO_COMMON_BLOCKS = YES;
				GCC_WARN_64_TO_32_BIT_CONVERSION = YES;
				GCC_WARN_ABOUT_RETURN_TYPE = YES_ERROR;
				GCC_WARN_UNDECLARED_SELECTOR = YES;
				GCC_WARN_UNINITIALIZED_AUTOS = YES_AGGRESSIVE;
				GCC_WARN_UNUSED_FUNCTION = YES;
				GCC_WARN_UNUSED_VARIABLE = YES;
				IPHONEOS_DEPLOYMENT_TARGET = 16.4;
				MTL_ENABLE_DEBUG_INFO = NO;
				MTL_FAST_MATH = YES;
				SDKROOT = iphoneos;
				SWIFT_COMPILATION_MODE = wholemodule;
				SWIFT_OPTIMIZATION_LEVEL = "-O";
				VALIDATE_PRODUCT = YES;
			};
			name = Release;
		};
		3E60F1DD2AF7AFAD004C2B85 /* Debug */ = {
			isa = XCBuildConfiguration;
			buildSettings = {
				ASSETCATALOG_COMPILER_APPICON_NAME = AppIcon;
				ASSETCATALOG_COMPILER_GLOBAL_ACCENT_COLOR_NAME = AccentColor;
				CODE_SIGN_STYLE = Automatic;
				CURRENT_PROJECT_VERSION = 1;
				DEVELOPMENT_TEAM = QT6B66A8Y8;
				GENERATE_INFOPLIST_FILE = YES;
				INFOPLIST_FILE = "case-study2/Info.plist";
				INFOPLIST_KEY_UIApplicationSupportsIndirectInputEvents = YES;
				INFOPLIST_KEY_UILaunchStoryboardName = LaunchScreen;
				INFOPLIST_KEY_UISupportedInterfaceOrientations_iPad = "UIInterfaceOrientationPortrait UIInterfaceOrientationPortraitUpsideDown UIInterfaceOrientationLandscapeLeft UIInterfaceOrientationLandscapeRight";
				INFOPLIST_KEY_UISupportedInterfaceOrientations_iPhone = "UIInterfaceOrientationPortrait UIInterfaceOrientationLandscapeLeft UIInterfaceOrientationLandscapeRight";
				LD_RUNPATH_SEARCH_PATHS = (
					"$(inherited)",
					"@executable_path/Frameworks",
				);
				MARKETING_VERSION = 1.0;
				PRODUCT_BUNDLE_IDENTIFIER = "com.aldimahotma.case-study2";
				PRODUCT_NAME = "$(TARGET_NAME)";
				SWIFT_EMIT_LOC_STRINGS = YES;
				SWIFT_VERSION = 5.0;
				TARGETED_DEVICE_FAMILY = "1,2";
			};
			name = Debug;
		};
		3E60F1DE2AF7AFAD004C2B85 /* Release */ = {
			isa = XCBuildConfiguration;
			buildSettings = {
				ASSETCATALOG_COMPILER_APPICON_NAME = AppIcon;
				ASSETCATALOG_COMPILER_GLOBAL_ACCENT_COLOR_NAME = AccentColor;
				CODE_SIGN_STYLE = Automatic;
				CURRENT_PROJECT_VERSION = 1;
				DEVELOPMENT_TEAM = QT6B66A8Y8;
				GENERATE_INFOPLIST_FILE = YES;
				INFOPLIST_FILE = "case-study2/Info.plist";
				INFOPLIST_KEY_UIApplicationSupportsIndirectInputEvents = YES;
				INFOPLIST_KEY_UILaunchStoryboardName = LaunchScreen;
				INFOPLIST_KEY_UISupportedInterfaceOrientations_iPad = "UIInterfaceOrientationPortrait UIInterfaceOrientationPortraitUpsideDown UIInterfaceOrientationLandscapeLeft UIInterfaceOrientationLandscapeRight";
				INFOPLIST_KEY_UISupportedInterfaceOrientations_iPhone = "UIInterfaceOrientationPortrait UIInterfaceOrientationLandscapeLeft UIInterfaceOrientationLandscapeRight";
				LD_RUNPATH_SEARCH_PATHS = (
					"$(inherited)",
					"@executable_path/Frameworks",
				);
				MARKETING_VERSION = 1.0;
				PRODUCT_BUNDLE_IDENTIFIER = "com.aldimahotma.case-study2";
				PRODUCT_NAME = "$(TARGET_NAME)";
				SWIFT_EMIT_LOC_STRINGS = YES;
				SWIFT_VERSION = 5.0;
				TARGETED_DEVICE_FAMILY = "1,2";
			};
			name = Release;
		};
		3E60F1E02AF7AFAD004C2B85 /* Debug */ = {
			isa = XCBuildConfiguration;
			buildSettings = {
				ALWAYS_EMBED_SWIFT_STANDARD_LIBRARIES = YES;
				BUNDLE_LOADER = "$(TEST_HOST)";
				CODE_SIGN_STYLE = Automatic;
				CURRENT_PROJECT_VERSION = 1;
				DEVELOPMENT_TEAM = QT6B66A8Y8;
				GENERATE_INFOPLIST_FILE = YES;
				IPHONEOS_DEPLOYMENT_TARGET = 16.4;
				MARKETING_VERSION = 1.0;
				PRODUCT_BUNDLE_IDENTIFIER = "com.aldimahotma.case-study2Tests";
				PRODUCT_NAME = "$(TARGET_NAME)";
				SWIFT_EMIT_LOC_STRINGS = NO;
				SWIFT_VERSION = 5.0;
				TARGETED_DEVICE_FAMILY = "1,2";
				TEST_HOST = "$(BUILT_PRODUCTS_DIR)/case-study2.app/$(BUNDLE_EXECUTABLE_FOLDER_PATH)/case-study2";
			};
			name = Debug;
		};
		3E60F1E12AF7AFAD004C2B85 /* Release */ = {
			isa = XCBuildConfiguration;
			buildSettings = {
				ALWAYS_EMBED_SWIFT_STANDARD_LIBRARIES = YES;
				BUNDLE_LOADER = "$(TEST_HOST)";
				CODE_SIGN_STYLE = Automatic;
				CURRENT_PROJECT_VERSION = 1;
				DEVELOPMENT_TEAM = QT6B66A8Y8;
				GENERATE_INFOPLIST_FILE = YES;
				IPHONEOS_DEPLOYMENT_TARGET = 16.4;
				MARKETING_VERSION = 1.0;
				PRODUCT_BUNDLE_IDENTIFIER = "com.aldimahotma.case-study2Tests";
				PRODUCT_NAME = "$(TARGET_NAME)";
				SWIFT_EMIT_LOC_STRINGS = NO;
				SWIFT_VERSION = 5.0;
				TARGETED_DEVICE_FAMILY = "1,2";
				TEST_HOST = "$(BUILT_PRODUCTS_DIR)/case-study2.app/$(BUNDLE_EXECUTABLE_FOLDER_PATH)/case-study2";
			};
			name = Release;
		};
		3E60F1E32AF7AFAD004C2B85 /* Debug */ = {
			isa = XCBuildConfiguration;
			buildSettings = {
				ALWAYS_EMBED_SWIFT_STANDARD_LIBRARIES = YES;
				CODE_SIGN_STYLE = Automatic;
				CURRENT_PROJECT_VERSION = 1;
				DEVELOPMENT_TEAM = QT6B66A8Y8;
				GENERATE_INFOPLIST_FILE = YES;
				MARKETING_VERSION = 1.0;
				PRODUCT_BUNDLE_IDENTIFIER = "com.aldimahotma.case-study2UITests";
				PRODUCT_NAME = "$(TARGET_NAME)";
				SWIFT_EMIT_LOC_STRINGS = NO;
				SWIFT_VERSION = 5.0;
				TARGETED_DEVICE_FAMILY = "1,2";
				TEST_TARGET_NAME = "case-study2";
			};
			name = Debug;
		};
		3E60F1E42AF7AFAD004C2B85 /* Release */ = {
			isa = XCBuildConfiguration;
			buildSettings = {
				ALWAYS_EMBED_SWIFT_STANDARD_LIBRARIES = YES;
				CODE_SIGN_STYLE = Automatic;
				CURRENT_PROJECT_VERSION = 1;
				DEVELOPMENT_TEAM = QT6B66A8Y8;
				GENERATE_INFOPLIST_FILE = YES;
				MARKETING_VERSION = 1.0;
				PRODUCT_BUNDLE_IDENTIFIER = "com.aldimahotma.case-study2UITests";
				PRODUCT_NAME = "$(TARGET_NAME)";
				SWIFT_EMIT_LOC_STRINGS = NO;
				SWIFT_VERSION = 5.0;
				TARGETED_DEVICE_FAMILY = "1,2";
				TEST_TARGET_NAME = "case-study2";
			};
			name = Release;
		};
/* End XCBuildConfiguration section */

/* Begin XCConfigurationList section */
		3E60F1AD2AF7AFAC004C2B85 /* Build configuration list for PBXProject "case-study2" */ = {
			isa = XCConfigurationList;
			buildConfigurations = (
				3E60F1DA2AF7AFAD004C2B85 /* Debug */,
				3E60F1DB2AF7AFAD004C2B85 /* Release */,
			);
			defaultConfigurationIsVisible = 0;
			defaultConfigurationName = Release;
		};
		3E60F1DC2AF7AFAD004C2B85 /* Build configuration list for PBXNativeTarget "case-study2" */ = {
			isa = XCConfigurationList;
			buildConfigurations = (
				3E60F1DD2AF7AFAD004C2B85 /* Debug */,
				3E60F1DE2AF7AFAD004C2B85 /* Release */,
			);
			defaultConfigurationIsVisible = 0;
			defaultConfigurationName = Release;
		};
		3E60F1DF2AF7AFAD004C2B85 /* Build configuration list for PBXNativeTarget "case-study2Tests" */ = {
			isa = XCConfigurationList;
			buildConfigurations = (
				3E60F1E02AF7AFAD004C2B85 /* Debug */,
				3E60F1E12AF7AFAD004C2B85 /* Release */,
			);
			defaultConfigurationIsVisible = 0;
			defaultConfigurationName = Release;
		};
		3E60F1E22AF7AFAD004C2B85 /* Build configuration list for PBXNativeTarget "case-study2UITests" */ = {
			isa = XCConfigurationList;
			buildConfigurations = (
				3E60F1E32AF7AFAD004C2B85 /* Debug */,
				3E60F1E42AF7AFAD004C2B85 /* Release */,
			);
			defaultConfigurationIsVisible = 0;
			defaultConfigurationName = Release;
		};
/* End XCConfigurationList section */
	};
	rootObject = 3E60F1AA2AF7AFAC004C2B85 /* Project object */;
}
