// !$*UTF8*$!
{
	archiveVersion = 1;
	classes = {
	};
	objectVersion = 56;
	objects = {

/* Begin PBXBuildFile section */
		3EE185672AF741DB00028939 /* AppDelegate.swift in Sources */ = {isa = PBXBuildFile; fileRef = 3EE185662AF741DB00028939 /* AppDelegate.swift */; };
		3EE185692AF741DB00028939 /* SceneDelegate.swift in Sources */ = {isa = PBXBuildFile; fileRef = 3EE185682AF741DB00028939 /* SceneDelegate.swift */; };
		3EE1856B2AF741DB00028939 /* ViewController.swift in Sources */ = {isa = PBXBuildFile; fileRef = 3EE1856A2AF741DB00028939 /* ViewController.swift */; };
		3EE1856E2AF741DB00028939 /* Main.storyboard in Resources */ = {isa = PBXBuildFile; fileRef = 3EE1856C2AF741DB00028939 /* Main.storyboard */; };
		3EE185702AF741DC00028939 /* Assets.xcassets in Resources */ = {isa = PBXBuildFile; fileRef = 3EE1856F2AF741DC00028939 /* Assets.xcassets */; };
		3EE185732AF741DC00028939 /* LaunchScreen.storyboard in Resources */ = {isa = PBXBuildFile; fileRef = 3EE185712AF741DC00028939 /* LaunchScreen.storyboard */; };
		3EE1857E2AF741DC00028939 /* case_study3Tests.swift in Sources */ = {isa = PBXBuildFile; fileRef = 3EE1857D2AF741DC00028939 /* case_study3Tests.swift */; };
		3EE185882AF741DC00028939 /* case_study3UITests.swift in Sources */ = {isa = PBXBuildFile; fileRef = 3EE185872AF741DC00028939 /* case_study3UITests.swift */; };
		3EE1858A2AF741DC00028939 /* case_study3UITestsLaunchTests.swift in Sources */ = {isa = PBXBuildFile; fileRef = 3EE185892AF741DC00028939 /* case_study3UITestsLaunchTests.swift */; };
/* End PBXBuildFile section */

/* Begin PBXContainerItemProxy section */
		3EE1857A2AF741DC00028939 /* PBXContainerItemProxy */ = {
			isa = PBXContainerItemProxy;
			containerPortal = 3EE1855B2AF741DB00028939 /* Project object */;
			proxyType = 1;
			remoteGlobalIDString = 3EE185622AF741DB00028939;
			remoteInfo = "case-study3";
		};
		3EE185842AF741DC00028939 /* PBXContainerItemProxy */ = {
			isa = PBXContainerItemProxy;
			containerPortal = 3EE1855B2AF741DB00028939 /* Project object */;
			proxyType = 1;
			remoteGlobalIDString = 3EE185622AF741DB00028939;
			remoteInfo = "case-study3";
		};
/* End PBXContainerItemProxy section */

/* Begin PBXFileReference section */
		3EE185632AF741DB00028939 /* case-study3.app */ = {isa = PBXFileReference; explicitFileType = wrapper.application; includeInIndex = 0; path = "case-study3.app"; sourceTree = BUILT_PRODUCTS_DIR; };
		3EE185662AF741DB00028939 /* AppDelegate.swift */ = {isa = PBXFileReference; lastKnownFileType = sourcecode.swift; path = AppDelegate.swift; sourceTree = "<group>"; };
		3EE185682AF741DB00028939 /* SceneDelegate.swift */ = {isa = PBXFileReference; lastKnownFileType = sourcecode.swift; path = SceneDelegate.swift; sourceTree = "<group>"; };
		3EE1856A2AF741DB00028939 /* ViewController.swift */ = {isa = PBXFileReference; lastKnownFileType = sourcecode.swift; path = ViewController.swift; sourceTree = "<group>"; };
		3EE1856D2AF741DB00028939 /* Base */ = {isa = PBXFileReference; lastKnownFileType = file.storyboard; name = Base; path = Base.lproj/Main.storyboard; sourceTree = "<group>"; };
		3EE1856F2AF741DC00028939 /* Assets.xcassets */ = {isa = PBXFileReference; lastKnownFileType = folder.assetcatalog; path = Assets.xcassets; sourceTree = "<group>"; };
		3EE185722AF741DC00028939 /* Base */ = {isa = PBXFileReference; lastKnownFileType = file.storyboard; name = Base; path = Base.lproj/LaunchScreen.storyboard; sourceTree = "<group>"; };
		3EE185742AF741DC00028939 /* Info.plist */ = {isa = PBXFileReference; lastKnownFileType = text.plist.xml; path = Info.plist; sourceTree = "<group>"; };
		3EE185792AF741DC00028939 /* case-study3Tests.xctest */ = {isa = PBXFileReference; explicitFileType = wrapper.cfbundle; includeInIndex = 0; path = "case-study3Tests.xctest"; sourceTree = BUILT_PRODUCTS_DIR; };
		3EE1857D2AF741DC00028939 /* case_study3Tests.swift */ = {isa = PBXFileReference; lastKnownFileType = sourcecode.swift; path = case_study3Tests.swift; sourceTree = "<group>"; };
		3EE185832AF741DC00028939 /* case-study3UITests.xctest */ = {isa = PBXFileReference; explicitFileType = wrapper.cfbundle; includeInIndex = 0; path = "case-study3UITests.xctest"; sourceTree = BUILT_PRODUCTS_DIR; };
		3EE185872AF741DC00028939 /* case_study3UITests.swift */ = {isa = PBXFileReference; lastKnownFileType = sourcecode.swift; path = case_study3UITests.swift; sourceTree = "<group>"; };
		3EE185892AF741DC00028939 /* case_study3UITestsLaunchTests.swift */ = {isa = PBXFileReference; lastKnownFileType = sourcecode.swift; path = case_study3UITestsLaunchTests.swift; sourceTree = "<group>"; };
/* End PBXFileReference section */

/* Begin PBXFrameworksBuildPhase section */
		3EE185602AF741DB00028939 /* Frameworks */ = {
			isa = PBXFrameworksBuildPhase;
			buildActionMask = 2147483647;
			files = (
			);
			runOnlyForDeploymentPostprocessing = 0;
		};
		3EE185762AF741DC00028939 /* Frameworks */ = {
			isa = PBXFrameworksBuildPhase;
			buildActionMask = 2147483647;
			files = (
			);
			runOnlyForDeploymentPostprocessing = 0;
		};
		3EE185802AF741DC00028939 /* Frameworks */ = {
			isa = PBXFrameworksBuildPhase;
			buildActionMask = 2147483647;
			files = (
			);
			runOnlyForDeploymentPostprocessing = 0;
		};
/* End PBXFrameworksBuildPhase section */

/* Begin PBXGroup section */
		3EE1855A2AF741DB00028939 = {
			isa = PBXGroup;
			children = (
				3EE185652AF741DB00028939 /* case-study3 */,
				3EE1857C2AF741DC00028939 /* case-study3Tests */,
				3EE185862AF741DC00028939 /* case-study3UITests */,
				3EE185642AF741DB00028939 /* Products */,
			);
			sourceTree = "<group>";
		};
		3EE185642AF741DB00028939 /* Products */ = {
			isa = PBXGroup;
			children = (
				3EE185632AF741DB00028939 /* case-study3.app */,
				3EE185792AF741DC00028939 /* case-study3Tests.xctest */,
				3EE185832AF741DC00028939 /* case-study3UITests.xctest */,
			);
			name = Products;
			sourceTree = "<group>";
		};
		3EE185652AF741DB00028939 /* case-study3 */ = {
			isa = PBXGroup;
			children = (
				3EE185662AF741DB00028939 /* AppDelegate.swift */,
				3EE185682AF741DB00028939 /* SceneDelegate.swift */,
				3EE1856A2AF741DB00028939 /* ViewController.swift */,
				3EE1856C2AF741DB00028939 /* Main.storyboard */,
				3EE1856F2AF741DC00028939 /* Assets.xcassets */,
				3EE185712AF741DC00028939 /* LaunchScreen.storyboard */,
				3EE185742AF741DC00028939 /* Info.plist */,
			);
			path = "case-study3";
			sourceTree = "<group>";
		};
		3EE1857C2AF741DC00028939 /* case-study3Tests */ = {
			isa = PBXGroup;
			children = (
				3EE1857D2AF741DC00028939 /* case_study3Tests.swift */,
			);
			path = "case-study3Tests";
			sourceTree = "<group>";
		};
		3EE185862AF741DC00028939 /* case-study3UITests */ = {
			isa = PBXGroup;
			children = (
				3EE185872AF741DC00028939 /* case_study3UITests.swift */,
				3EE185892AF741DC00028939 /* case_study3UITestsLaunchTests.swift */,
			);
			path = "case-study3UITests";
			sourceTree = "<group>";
		};
/* End PBXGroup section */

/* Begin PBXNativeTarget section */
		3EE185622AF741DB00028939 /* case-study3 */ = {
			isa = PBXNativeTarget;
			buildConfigurationList = 3EE1858D2AF741DC00028939 /* Build configuration list for PBXNativeTarget "case-study3" */;
			buildPhases = (
				3EE1855F2AF741DB00028939 /* Sources */,
				3EE185602AF741DB00028939 /* Frameworks */,
				3EE185612AF741DB00028939 /* Resources */,
			);
			buildRules = (
			);
			dependencies = (
			);
			name = "case-study3";
			productName = "case-study3";
			productReference = 3EE185632AF741DB00028939 /* case-study3.app */;
			productType = "com.apple.product-type.application";
		};
		3EE185782AF741DC00028939 /* case-study3Tests */ = {
			isa = PBXNativeTarget;
			buildConfigurationList = 3EE185902AF741DC00028939 /* Build configuration list for PBXNativeTarget "case-study3Tests" */;
			buildPhases = (
				3EE185752AF741DC00028939 /* Sources */,
				3EE185762AF741DC00028939 /* Frameworks */,
				3EE185772AF741DC00028939 /* Resources */,
			);
			buildRules = (
			);
			dependencies = (
				3EE1857B2AF741DC00028939 /* PBXTargetDependency */,
			);
			name = "case-study3Tests";
			productName = "case-study3Tests";
			productReference = 3EE185792AF741DC00028939 /* case-study3Tests.xctest */;
			productType = "com.apple.product-type.bundle.unit-test";
		};
		3EE185822AF741DC00028939 /* case-study3UITests */ = {
			isa = PBXNativeTarget;
			buildConfigurationList = 3EE185932AF741DC00028939 /* Build configuration list for PBXNativeTarget "case-study3UITests" */;
			buildPhases = (
				3EE1857F2AF741DC00028939 /* Sources */,
				3EE185802AF741DC00028939 /* Frameworks */,
				3EE185812AF741DC00028939 /* Resources */,
			);
			buildRules = (
			);
			dependencies = (
				3EE185852AF741DC00028939 /* PBXTargetDependency */,
			);
			name = "case-study3UITests";
			productName = "case-study3UITests";
			productReference = 3EE185832AF741DC00028939 /* case-study3UITests.xctest */;
			productType = "com.apple.product-type.bundle.ui-testing";
		};
/* End PBXNativeTarget section */

/* Begin PBXProject section */
		3EE1855B2AF741DB00028939 /* Project object */ = {
			isa = PBXProject;
			attributes = {
				BuildIndependentTargetsInParallel = 1;
				LastSwiftUpdateCheck = 1430;
				LastUpgradeCheck = 1430;
				TargetAttributes = {
					3EE185622AF741DB00028939 = {
						CreatedOnToolsVersion = 14.3;
					};
					3EE185782AF741DC00028939 = {
						CreatedOnToolsVersion = 14.3;
						TestTargetID = 3EE185622AF741DB00028939;
					};
					3EE185822AF741DC00028939 = {
						CreatedOnToolsVersion = 14.3;
						TestTargetID = 3EE185622AF741DB00028939;
					};
				};
			};
			buildConfigurationList = 3EE1855E2AF741DB00028939 /* Build configuration list for PBXProject "case-study3" */;
			compatibilityVersion = "Xcode 14.0";
			developmentRegion = en;
			hasScannedForEncodings = 0;
			knownRegions = (
				en,
				Base,
			);
			mainGroup = 3EE1855A2AF741DB00028939;
			productRefGroup = 3EE185642AF741DB00028939 /* Products */;
			projectDirPath = "";
			projectRoot = "";
			targets = (
				3EE185622AF741DB00028939 /* case-study3 */,
				3EE185782AF741DC00028939 /* case-study3Tests */,
				3EE185822AF741DC00028939 /* case-study3UITests */,
			);
		};
/* End PBXProject section */

/* Begin PBXResourcesBuildPhase section */
		3EE185612AF741DB00028939 /* Resources */ = {
			isa = PBXResourcesBuildPhase;
			buildActionMask = 2147483647;
			files = (
				3EE185732AF741DC00028939 /* LaunchScreen.storyboard in Resources */,
				3EE185702AF741DC00028939 /* Assets.xcassets in Resources */,
				3EE1856E2AF741DB00028939 /* Main.storyboard in Resources */,
			);
			runOnlyForDeploymentPostprocessing = 0;
		};
		3EE185772AF741DC00028939 /* Resources */ = {
			isa = PBXResourcesBuildPhase;
			buildActionMask = 2147483647;
			files = (
			);
			runOnlyForDeploymentPostprocessing = 0;
		};
		3EE185812AF741DC00028939 /* Resources */ = {
			isa = PBXResourcesBuildPhase;
			buildActionMask = 2147483647;
			files = (
			);
			runOnlyForDeploymentPostprocessing = 0;
		};
/* End PBXResourcesBuildPhase section */

/* Begin PBXSourcesBuildPhase section */
		3EE1855F2AF741DB00028939 /* Sources */ = {
			isa = PBXSourcesBuildPhase;
			buildActionMask = 2147483647;
			files = (
				3EE1856B2AF741DB00028939 /* ViewController.swift in Sources */,
				3EE185672AF741DB00028939 /* AppDelegate.swift in Sources */,
				3EE185692AF741DB00028939 /* SceneDelegate.swift in Sources */,
			);
			runOnlyForDeploymentPostprocessing = 0;
		};
		3EE185752AF741DC00028939 /* Sources */ = {
			isa = PBXSourcesBuildPhase;
			buildActionMask = 2147483647;
			files = (
				3EE1857E2AF741DC00028939 /* case_study3Tests.swift in Sources */,
			);
			runOnlyForDeploymentPostprocessing = 0;
		};
		3EE1857F2AF741DC00028939 /* Sources */ = {
			isa = PBXSourcesBuildPhase;
			buildActionMask = 2147483647;
			files = (
				3EE1858A2AF741DC00028939 /* case_study3UITestsLaunchTests.swift in Sources */,
				3EE185882AF741DC00028939 /* case_study3UITests.swift in Sources */,
			);
			runOnlyForDeploymentPostprocessing = 0;
		};
/* End PBXSourcesBuildPhase section */

/* Begin PBXTargetDependency section */
		3EE1857B2AF741DC00028939 /* PBXTargetDependency */ = {
			isa = PBXTargetDependency;
			target = 3EE185622AF741DB00028939 /* case-study3 */;
			targetProxy = 3EE1857A2AF741DC00028939 /* PBXContainerItemProxy */;
		};
		3EE185852AF741DC00028939 /* PBXTargetDependency */ = {
			isa = PBXTargetDependency;
			target = 3EE185622AF741DB00028939 /* case-study3 */;
			targetProxy = 3EE185842AF741DC00028939 /* PBXContainerItemProxy */;
		};
/* End PBXTargetDependency section */

/* Begin PBXVariantGroup section */
		3EE1856C2AF741DB00028939 /* Main.storyboard */ = {
			isa = PBXVariantGroup;
			children = (
				3EE1856D2AF741DB00028939 /* Base */,
			);
			name = Main.storyboard;
			sourceTree = "<group>";
		};
		3EE185712AF741DC00028939 /* LaunchScreen.storyboard */ = {
			isa = PBXVariantGroup;
			children = (
				3EE185722AF741DC00028939 /* Base */,
			);
			name = LaunchScreen.storyboard;
			sourceTree = "<group>";
		};
/* End PBXVariantGroup section */

/* Begin XCBuildConfiguration section */
		3EE1858B2AF741DC00028939 /* Debug */ = {
			isa = XCBuildConfiguration;
			buildSettings = {
				ALWAYS_SEARCH_USER_PATHS = NO;
				CLANG_ANALYZER_NONNULL = YES;
				CLANG_ANALYZER_NUMBER_OBJECT_CONVERSION = YES_AGGRESSIVE;
				CLANG_CXX_LANGUAGE_STANDARD = "gnu++20";
				CLANG_ENABLE_MODULES = YES;
				CLANG_ENABLE_OBJC_ARC = YES;
				CLANG_ENABLE_OBJC_WEAK = YES;
				CLANG_WARN_BLOCK_CAPTURE_AUTORELEASING = YES;
				CLANG_WARN_BOOL_CONVERSION = YES;
				CLANG_WARN_COMMA = YES;
				CLANG_WARN_CONSTANT_CONVERSION = YES;
				CLANG_WARN_DEPRECATED_OBJC_IMPLEMENTATIONS = YES;
				CLANG_WARN_DIRECT_OBJC_ISA_USAGE = YES_ERROR;
				CLANG_WARN_DOCUMENTATION_COMMENTS = YES;
				CLANG_WARN_EMPTY_BODY = YES;
				CLANG_WARN_ENUM_CONVERSION = YES;
				CLANG_WARN_INFINITE_RECURSION = YES;
				CLANG_WARN_INT_CONVERSION = YES;
				CLANG_WARN_NON_LITERAL_NULL_CONVERSION = YES;
				CLANG_WARN_OBJC_IMPLICIT_RETAIN_SELF = YES;
				CLANG_WARN_OBJC_LITERAL_CONVERSION = YES;
				CLANG_WARN_OBJC_ROOT_CLASS = YES_ERROR;
				CLANG_WARN_QUOTED_INCLUDE_IN_FRAMEWORK_HEADER = YES;
				CLANG_WARN_RANGE_LOOP_ANALYSIS = YES;
				CLANG_WARN_STRICT_PROTOTYPES = YES;
				CLANG_WARN_SUSPICIOUS_MOVE = YES;
				CLANG_WARN_UNGUARDED_AVAILABILITY = YES_AGGRESSIVE;
				CLANG_WARN_UNREACHABLE_CODE = YES;
				CLANG_WARN__DUPLICATE_METHOD_MATCH = YES;
				COPY_PHASE_STRIP = NO;
				DEBUG_INFORMATION_FORMAT = dwarf;
				ENABLE_STRICT_OBJC_MSGSEND = YES;
				ENABLE_TESTABILITY = YES;
				GCC_C_LANGUAGE_STANDARD = gnu11;
				GCC_DYNAMIC_NO_PIC = NO;
				GCC_NO_COMMON_BLOCKS = YES;
				GCC_OPTIMIZATION_LEVEL = 0;
				GCC_PREPROCESSOR_DEFINITIONS = (
					"DEBUG=1",
					"$(inherited)",
				);
				GCC_WARN_64_TO_32_BIT_CONVERSION = YES;
				GCC_WARN_ABOUT_RETURN_TYPE = YES_ERROR;
				GCC_WARN_UNDECLARED_SELECTOR = YES;
				GCC_WARN_UNINITIALIZED_AUTOS = YES_AGGRESSIVE;
				GCC_WARN_UNUSED_FUNCTION = YES;
				GCC_WARN_UNUSED_VARIABLE = YES;
				IPHONEOS_DEPLOYMENT_TARGET = 16.4;
				MTL_ENABLE_DEBUG_INFO = INCLUDE_SOURCE;
				MTL_FAST_MATH = YES;
				ONLY_ACTIVE_ARCH = YES;
				SDKROOT = iphoneos;
				SWIFT_ACTIVE_COMPILATION_CONDITIONS = DEBUG;
				SWIFT_OPTIMIZATION_LEVEL = "-Onone";
			};
			name = Debug;
		};
		3EE1858C2AF741DC00028939 /* Release */ = {
			isa = XCBuildConfiguration;
			buildSettings = {
				ALWAYS_SEARCH_USER_PATHS = NO;
				CLANG_ANALYZER_NONNULL = YES;
				CLANG_ANALYZER_NUMBER_OBJECT_CONVERSION = YES_AGGRESSIVE;
				CLANG_CXX_LANGUAGE_STANDARD = "gnu++20";
				CLANG_ENABLE_MODULES = YES;
				CLANG_ENABLE_OBJC_ARC = YES;
				CLANG_ENABLE_OBJC_WEAK = YES;
				CLANG_WARN_BLOCK_CAPTURE_AUTORELEASING = YES;
				CLANG_WARN_BOOL_CONVERSION = YES;
				CLANG_WARN_COMMA = YES;
				CLANG_WARN_CONSTANT_CONVERSION = YES;
				CLANG_WARN_DEPRECATED_OBJC_IMPLEMENTATIONS = YES;
				CLANG_WARN_DIRECT_OBJC_ISA_USAGE = YES_ERROR;
				CLANG_WARN_DOCUMENTATION_COMMENTS = YES;
				CLANG_WARN_EMPTY_BODY = YES;
				CLANG_WARN_ENUM_CONVERSION = YES;
				CLANG_WARN_INFINITE_RECURSION = YES;
				CLANG_WARN_INT_CONVERSION = YES;
				CLANG_WARN_NON_LITERAL_NULL_CONVERSION = YES;
				CLANG_WARN_OBJC_IMPLICIT_RETAIN_SELF = YES;
				CLANG_WARN_OBJC_LITERAL_CONVERSION = YES;
				CLANG_WARN_OBJC_ROOT_CLASS = YES_ERROR;
				CLANG_WARN_QUOTED_INCLUDE_IN_FRAMEWORK_HEADER = YES;
				CLANG_WARN_RANGE_LOOP_ANALYSIS = YES;
				CLANG_WARN_STRICT_PROTOTYPES = YES;
				CLANG_WARN_SUSPICIOUS_MOVE = YES;
				CLANG_WARN_UNGUARDED_AVAILABILITY = YES_AGGRESSIVE;
				CLANG_WARN_UNREACHABLE_CODE = YES;
				CLANG_WARN__DUPLICATE_METHOD_MATCH = YES;
				COPY_PHASE_STRIP = NO;
				DEBUG_INFORMATION_FORMAT = "dwarf-with-dsym";
				ENABLE_NS_ASSERTIONS = NO;
				ENABLE_STRICT_OBJC_MSGSEND = YES;
				GCC_C_LANGUAGE_STANDARD = gnu11;
				GCC_NO_COMMON_BLOCKS = YES;
				GCC_WARN_64_TO_32_BIT_CONVERSION = YES;
				GCC_WARN_ABOUT_RETURN_TYPE = YES_ERROR;
				GCC_WARN_UNDECLARED_SELECTOR = YES;
				GCC_WARN_UNINITIALIZED_AUTOS = YES_AGGRESSIVE;
				GCC_WARN_UNUSED_FUNCTION = YES;
				GCC_WARN_UNUSED_VARIABLE = YES;
				IPHONEOS_DEPLOYMENT_TARGET = 16.4;
				MTL_ENABLE_DEBUG_INFO = NO;
				MTL_FAST_MATH = YES;
				SDKROOT = iphoneos;
				SWIFT_COMPILATION_MODE = wholemodule;
				SWIFT_OPTIMIZATION_LEVEL = "-O";
				VALIDATE_PRODUCT = YES;
			};
			name = Release;
		};
		3EE1858E2AF741DC00028939 /* Debug */ = {
			isa = XCBuildConfiguration;
			buildSettings = {
				ASSETCATALOG_COMPILER_APPICON_NAME = AppIcon;
				ASSETCATALOG_COMPILER_GLOBAL_ACCENT_COLOR_NAME = AccentColor;
				CODE_SIGN_STYLE = Automatic;
				CURRENT_PROJECT_VERSION = 1;
				DEVELOPMENT_TEAM = QT6B66A8Y8;
				GENERATE_INFOPLIST_FILE = YES;
				INFOPLIST_FILE = "case-study3/Info.plist";
				INFOPLIST_KEY_UIApplicationSupportsIndirectInputEvents = YES;
				INFOPLIST_KEY_UILaunchStoryboardName = LaunchScreen;
				INFOPLIST_KEY_UIMainStoryboardFile = Main;
				INFOPLIST_KEY_UISupportedInterfaceOrientations_iPad = "UIInterfaceOrientationPortrait UIInterfaceOrientationPortraitUpsideDown UIInterfaceOrientationLandscapeLeft UIInterfaceOrientationLandscapeRight";
				INFOPLIST_KEY_UISupportedInterfaceOrientations_iPhone = "UIInterfaceOrientationPortrait UIInterfaceOrientationLandscapeLeft UIInterfaceOrientationLandscapeRight";
				LD_RUNPATH_SEARCH_PATHS = (
					"$(inherited)",
					"@executable_path/Frameworks",
				);
				MARKETING_VERSION = 1.0;
				PRODUCT_BUNDLE_IDENTIFIER = "com.aldimahotma.case-study3";
				PRODUCT_NAME = "$(TARGET_NAME)";
				SWIFT_EMIT_LOC_STRINGS = YES;
				SWIFT_VERSION = 5.0;
				TARGETED_DEVICE_FAMILY = "1,2";
			};
			name = Debug;
		};
		3EE1858F2AF741DC00028939 /* Release */ = {
			isa = XCBuildConfiguration;
			buildSettings = {
				ASSETCATALOG_COMPILER_APPICON_NAME = AppIcon;
				ASSETCATALOG_COMPILER_GLOBAL_ACCENT_COLOR_NAME = AccentColor;
				CODE_SIGN_STYLE = Automatic;
				CURRENT_PROJECT_VERSION = 1;
				DEVELOPMENT_TEAM = QT6B66A8Y8;
				GENERATE_INFOPLIST_FILE = YES;
				INFOPLIST_FILE = "case-study3/Info.plist";
				INFOPLIST_KEY_UIApplicationSupportsIndirectInputEvents = YES;
				INFOPLIST_KEY_UILaunchStoryboardName = LaunchScreen;
				INFOPLIST_KEY_UIMainStoryboardFile = Main;
				INFOPLIST_KEY_UISupportedInterfaceOrientations_iPad = "UIInterfaceOrientationPortrait UIInterfaceOrientationPortraitUpsideDown UIInterfaceOrientationLandscapeLeft UIInterfaceOrientationLandscapeRight";
				INFOPLIST_KEY_UISupportedInterfaceOrientations_iPhone = "UIInterfaceOrientationPortrait UIInterfaceOrientationLandscapeLeft UIInterfaceOrientationLandscapeRight";
				LD_RUNPATH_SEARCH_PATHS = (
					"$(inherited)",
					"@executable_path/Frameworks",
				);
				MARKETING_VERSION = 1.0;
				PRODUCT_BUNDLE_IDENTIFIER = "com.aldimahotma.case-study3";
				PRODUCT_NAME = "$(TARGET_NAME)";
				SWIFT_EMIT_LOC_STRINGS = YES;
				SWIFT_VERSION = 5.0;
				TARGETED_DEVICE_FAMILY = "1,2";
			};
			name = Release;
		};
		3EE185912AF741DC00028939 /* Debug */ = {
			isa = XCBuildConfiguration;
			buildSettings = {
				ALWAYS_EMBED_SWIFT_STANDARD_LIBRARIES = YES;
				BUNDLE_LOADER = "$(TEST_HOST)";
				CODE_SIGN_STYLE = Automatic;
				CURRENT_PROJECT_VERSION = 1;
				DEVELOPMENT_TEAM = QT6B66A8Y8;
				GENERATE_INFOPLIST_FILE = YES;
				IPHONEOS_DEPLOYMENT_TARGET = 16.4;
				MARKETING_VERSION = 1.0;
				PRODUCT_BUNDLE_IDENTIFIER = "com.aldimahotma.case-study3Tests";
				PRODUCT_NAME = "$(TARGET_NAME)";
				SWIFT_EMIT_LOC_STRINGS = NO;
				SWIFT_VERSION = 5.0;
				TARGETED_DEVICE_FAMILY = "1,2";
				TEST_HOST = "$(BUILT_PRODUCTS_DIR)/case-study3.app/$(BUNDLE_EXECUTABLE_FOLDER_PATH)/case-study3";
			};
			name = Debug;
		};
		3EE185922AF741DC00028939 /* Release */ = {
			isa = XCBuildConfiguration;
			buildSettings = {
				ALWAYS_EMBED_SWIFT_STANDARD_LIBRARIES = YES;
				BUNDLE_LOADER = "$(TEST_HOST)";
				CODE_SIGN_STYLE = Automatic;
				CURRENT_PROJECT_VERSION = 1;
				DEVELOPMENT_TEAM = QT6B66A8Y8;
				GENERATE_INFOPLIST_FILE = YES;
				IPHONEOS_DEPLOYMENT_TARGET = 16.4;
				MARKETING_VERSION = 1.0;
				PRODUCT_BUNDLE_IDENTIFIER = "com.aldimahotma.case-study3Tests";
				PRODUCT_NAME = "$(TARGET_NAME)";
				SWIFT_EMIT_LOC_STRINGS = NO;
				SWIFT_VERSION = 5.0;
				TARGETED_DEVICE_FAMILY = "1,2";
				TEST_HOST = "$(BUILT_PRODUCTS_DIR)/case-study3.app/$(BUNDLE_EXECUTABLE_FOLDER_PATH)/case-study3";
			};
			name = Release;
		};
		3EE185942AF741DC00028939 /* Debug */ = {
			isa = XCBuildConfiguration;
			buildSettings = {
				ALWAYS_EMBED_SWIFT_STANDARD_LIBRARIES = YES;
				CODE_SIGN_STYLE = Automatic;
				CURRENT_PROJECT_VERSION = 1;
				DEVELOPMENT_TEAM = QT6B66A8Y8;
				GENERATE_INFOPLIST_FILE = YES;
				MARKETING_VERSION = 1.0;
				PRODUCT_BUNDLE_IDENTIFIER = "com.aldimahotma.case-study3UITests";
				PRODUCT_NAME = "$(TARGET_NAME)";
				SWIFT_EMIT_LOC_STRINGS = NO;
				SWIFT_VERSION = 5.0;
				TARGETED_DEVICE_FAMILY = "1,2";
				TEST_TARGET_NAME = "case-study3";
			};
			name = Debug;
		};
		3EE185952AF741DC00028939 /* Release */ = {
			isa = XCBuildConfiguration;
			buildSettings = {
				ALWAYS_EMBED_SWIFT_STANDARD_LIBRARIES = YES;
				CODE_SIGN_STYLE = Automatic;
				CURRENT_PROJECT_VERSION = 1;
				DEVELOPMENT_TEAM = QT6B66A8Y8;
				GENERATE_INFOPLIST_FILE = YES;
				MARKETING_VERSION = 1.0;
				PRODUCT_BUNDLE_IDENTIFIER = "com.aldimahotma.case-study3UITests";
				PRODUCT_NAME = "$(TARGET_NAME)";
				SWIFT_EMIT_LOC_STRINGS = NO;
				SWIFT_VERSION = 5.0;
				TARGETED_DEVICE_FAMILY = "1,2";
				TEST_TARGET_NAME = "case-study3";
			};
			name = Release;
		};
/* End XCBuildConfiguration section */

/* Begin XCConfigurationList section */
		3EE1855E2AF741DB00028939 /* Build configuration list for PBXProject "case-study3" */ = {
			isa = XCConfigurationList;
			buildConfigurations = (
				3EE1858B2AF741DC00028939 /* Debug */,
				3EE1858C2AF741DC00028939 /* Release */,
			);
			defaultConfigurationIsVisible = 0;
			defaultConfigurationName = Release;
		};
		3EE1858D2AF741DC00028939 /* Build configuration list for PBXNativeTarget "case-study3" */ = {
			isa = XCConfigurationList;
			buildConfigurations = (
				3EE1858E2AF741DC00028939 /* Debug */,
				3EE1858F2AF741DC00028939 /* Release */,
			);
			defaultConfigurationIsVisible = 0;
			defaultConfigurationName = Release;
		};
		3EE185902AF741DC00028939 /* Build configuration list for PBXNativeTarget "case-study3Tests" */ = {
			isa = XCConfigurationList;
			buildConfigurations = (
				3EE185912AF741DC00028939 /* Debug */,
				3EE185922AF741DC00028939 /* Release */,
			);
			defaultConfigurationIsVisible = 0;
			defaultConfigurationName = Release;
		};
		3EE185932AF741DC00028939 /* Build configuration list for PBXNativeTarget "case-study3UITests" */ = {
			isa = XCConfigurationList;
			buildConfigurations = (
				3EE185942AF741DC00028939 /* Debug */,
				3EE185952AF741DC00028939 /* Release */,
			);
			defaultConfigurationIsVisible = 0;
			defaultConfigurationName = Release;
		};
/* End XCConfigurationList section */
	};
	rootObject = 3EE1855B2AF741DB00028939 /* Project object */;
}
